// !$*UTF8*$!
{
	archiveVersion = 1;
	classes = {
	};
	objectVersion = 46;
	objects = {

/* Begin PBXBuildFile section */
		F62623131BF94DD800D27BE9 /* CoreFoundation.framework in Frameworks */ = {isa = PBXBuildFile; fileRef = F62623121BF94DD800D27BE9 /* CoreFoundation.framework */; };
		F62623151BF94DE300D27BE9 /* MaxAPI.framework in Frameworks */ = {isa = PBXBuildFile; fileRef = F62623141BF94DE300D27BE9 /* MaxAPI.framework */; };
		F6546BFB1BFC27E5005BBE4B /* maxmspsdk.xcconfig in Resources */ = {isa = PBXBuildFile; fileRef = F6546BFA1BFC27E5005BBE4B /* maxmspsdk.xcconfig */; };
		F6A9D4D01BFAF63F00518D80 /* libCommonLibrary.a in Frameworks */ = {isa = PBXBuildFile; fileRef = F6A9D4CF1BFAF63F00518D80 /* libCommonLibrary.a */; };
		F6F94ACD180B5450007E73AA /* memory_Assist.cpp in Sources */ = {isa = PBXBuildFile; fileRef = F6F94AC2180B5450007E73AA /* memory_Assist.cpp */; };
		F6F94ACE180B5450007E73AA /* memory_Clear.cpp in Sources */ = {isa = PBXBuildFile; fileRef = F6F94AC3180B5450007E73AA /* memory_Clear.cpp */; };
		F6F94ACF180B5450007E73AA /* memory_Forget.cpp in Sources */ = {isa = PBXBuildFile; fileRef = F6F94AC4180B5450007E73AA /* memory_Forget.cpp */; };
		F6F94AD0180B5450007E73AA /* memory_Load.cpp in Sources */ = {isa = PBXBuildFile; fileRef = F6F94AC5180B5450007E73AA /* memory_Load.cpp */; };
		F6F94AD1180B5450007E73AA /* memory_Recall.cpp in Sources */ = {isa = PBXBuildFile; fileRef = F6F94AC6180B5450007E73AA /* memory_Recall.cpp */; };
		F6F94AD2180B5450007E73AA /* memory_Remember.cpp in Sources */ = {isa = PBXBuildFile; fileRef = F6F94AC7180B5450007E73AA /* memory_Remember.cpp */; };
		F6F94AD3180B5450007E73AA /* memory_Store.cpp in Sources */ = {isa = PBXBuildFile; fileRef = F6F94AC8180B5450007E73AA /* memory_Store.cpp */; };
		F6F94AD4180B5450007E73AA /* memory_Trace.cpp in Sources */ = {isa = PBXBuildFile; fileRef = F6F94AC9180B5450007E73AA /* memory_Trace.cpp */; };
		F6F94AD5180B5450007E73AA /* memory.cpp in Sources */ = {isa = PBXBuildFile; fileRef = F6F94ACA180B5450007E73AA /* memory.cpp */; };
		F6F94AD6180B5450007E73AA /* memory.h in Headers */ = {isa = PBXBuildFile; fileRef = F6F94ACB180B5450007E73AA /* memory.h */; };
		F6F94AD7180B5450007E73AA /* memorySupport.cpp in Sources */ = {isa = PBXBuildFile; fileRef = F6F94ACC180B5450007E73AA /* memorySupport.cpp */; };
/* End PBXBuildFile section */

/* Begin PBXFileReference section */
		2FBBEAE508F335360078DB84 /* memory.mxo */ = {isa = PBXFileReference; explicitFileType = wrapper.cfbundle; includeInIndex = 0; path = memory.mxo; sourceTree = BUILT_PRODUCTS_DIR; };
		F62623121BF94DD800D27BE9 /* CoreFoundation.framework */ = {isa = PBXFileReference; lastKnownFileType = wrapper.framework; name = CoreFoundation.framework; path = System/Library/Frameworks/CoreFoundation.framework; sourceTree = SDKROOT; };
		F62623141BF94DE300D27BE9 /* MaxAPI.framework */ = {isa = PBXFileReference; lastKnownFileType = wrapper.framework; name = MaxAPI.framework; path = "/Users/njaffe/Documents/Max 7/Packages/max-sdk/source/c74support/max-includes/MaxAPI.framework"; sourceTree = "<absolute>"; };
		F6546BFA1BFC27E5005BBE4B /* maxmspsdk.xcconfig */ = {isa = PBXFileReference; fileEncoding = 4; lastKnownFileType = text.xcconfig; name = maxmspsdk.xcconfig; path = ../../maxmspsdk.xcconfig; sourceTree = SOURCE_ROOT; };
		F6A9D4CF1BFAF63F00518D80 /* libCommonLibrary.a */ = {isa = PBXFileReference; lastKnownFileType = archive.ar; name = libCommonLibrary.a; path = "/Users/njaffe/Library/Developer/Xcode/DerivedData/NJObjects-cfvosuyivjfhivdvtnowssnhdiht/Build/Products/Development/libCommonLibrary.a"; sourceTree = "<absolute>"; };
		F6F94AC2180B5450007E73AA /* memory_Assist.cpp */ = {isa = PBXFileReference; fileEncoding = 4; lastKnownFileType = sourcecode.cpp.cpp; path = memory_Assist.cpp; sourceTree = SOURCE_ROOT; };
		F6F94AC3180B5450007E73AA /* memory_Clear.cpp */ = {isa = PBXFileReference; fileEncoding = 4; lastKnownFileType = sourcecode.cpp.cpp; path = memory_Clear.cpp; sourceTree = SOURCE_ROOT; };
		F6F94AC4180B5450007E73AA /* memory_Forget.cpp */ = {isa = PBXFileReference; fileEncoding = 4; lastKnownFileType = sourcecode.cpp.cpp; path = memory_Forget.cpp; sourceTree = SOURCE_ROOT; };
		F6F94AC5180B5450007E73AA /* memory_Load.cpp */ = {isa = PBXFileReference; fileEncoding = 4; lastKnownFileType = sourcecode.cpp.cpp; path = memory_Load.cpp; sourceTree = SOURCE_ROOT; };
		F6F94AC6180B5450007E73AA /* memory_Recall.cpp */ = {isa = PBXFileReference; fileEncoding = 4; lastKnownFileType = sourcecode.cpp.cpp; path = memory_Recall.cpp; sourceTree = SOURCE_ROOT; };
		F6F94AC7180B5450007E73AA /* memory_Remember.cpp */ = {isa = PBXFileReference; fileEncoding = 4; lastKnownFileType = sourcecode.cpp.cpp; path = memory_Remember.cpp; sourceTree = SOURCE_ROOT; };
		F6F94AC8180B5450007E73AA /* memory_Store.cpp */ = {isa = PBXFileReference; fileEncoding = 4; lastKnownFileType = sourcecode.cpp.cpp; path = memory_Store.cpp; sourceTree = SOURCE_ROOT; };
		F6F94AC9180B5450007E73AA /* memory_Trace.cpp */ = {isa = PBXFileReference; fileEncoding = 4; lastKnownFileType = sourcecode.cpp.cpp; path = memory_Trace.cpp; sourceTree = SOURCE_ROOT; };
		F6F94ACA180B5450007E73AA /* memory.cpp */ = {isa = PBXFileReference; fileEncoding = 4; lastKnownFileType = sourcecode.cpp.cpp; path = memory.cpp; sourceTree = SOURCE_ROOT; };
		F6F94ACB180B5450007E73AA /* memory.h */ = {isa = PBXFileReference; fileEncoding = 4; lastKnownFileType = sourcecode.c.h; path = memory.h; sourceTree = SOURCE_ROOT; };
		F6F94ACC180B5450007E73AA /* memorySupport.cpp */ = {isa = PBXFileReference; fileEncoding = 4; lastKnownFileType = sourcecode.cpp.cpp; path = memorySupport.cpp; sourceTree = SOURCE_ROOT; };
/* End PBXFileReference section */

/* Begin PBXFrameworksBuildPhase section */
		2FBBEADC08F335360078DB84 /* Frameworks */ = {
			isa = PBXFrameworksBuildPhase;
			buildActionMask = 2147483647;
			files = (
				F6A9D4D01BFAF63F00518D80 /* libCommonLibrary.a in Frameworks */,
				F62623151BF94DE300D27BE9 /* MaxAPI.framework in Frameworks */,
				F62623131BF94DD800D27BE9 /* CoreFoundation.framework in Frameworks */,
			);
			runOnlyForDeploymentPostprocessing = 0;
		};
/* End PBXFrameworksBuildPhase section */

/* Begin PBXGroup section */
		089C166AFE841209C02AAC07 /* iterator */ = {
			isa = PBXGroup;
			children = (
				F6546BFA1BFC27E5005BBE4B /* maxmspsdk.xcconfig */,
				08FB77ADFE841716C02AAC07 /* Source */,
				089C1671FE841209C02AAC07 /* External Frameworks and Libraries */,
				19C28FB4FE9D528D11CA2CBB /* Products */,
			);
			name = iterator;
			sourceTree = "<group>";
		};
		089C1671FE841209C02AAC07 /* External Frameworks and Libraries */ = {
			isa = PBXGroup;
			children = (
				F6A9D4CF1BFAF63F00518D80 /* libCommonLibrary.a */,
				F62623141BF94DE300D27BE9 /* MaxAPI.framework */,
				F62623121BF94DD800D27BE9 /* CoreFoundation.framework */,
			);
			name = "External Frameworks and Libraries";
			sourceTree = "<group>";
		};
		08FB77ADFE841716C02AAC07 /* Source */ = {
			isa = PBXGroup;
			children = (
				F6F94AC2180B5450007E73AA /* memory_Assist.cpp */,
				F6F94AC3180B5450007E73AA /* memory_Clear.cpp */,
				F6F94AC4180B5450007E73AA /* memory_Forget.cpp */,
				F6F94AC5180B5450007E73AA /* memory_Load.cpp */,
				F6F94AC6180B5450007E73AA /* memory_Recall.cpp */,
				F6F94AC7180B5450007E73AA /* memory_Remember.cpp */,
				F6F94AC8180B5450007E73AA /* memory_Store.cpp */,
				F6F94AC9180B5450007E73AA /* memory_Trace.cpp */,
				F6F94ACA180B5450007E73AA /* memory.cpp */,
				F6F94ACB180B5450007E73AA /* memory.h */,
				F6F94ACC180B5450007E73AA /* memorySupport.cpp */,
			);
			name = Source;
			sourceTree = "<group>";
		};
		19C28FB4FE9D528D11CA2CBB /* Products */ = {
			isa = PBXGroup;
			children = (
				2FBBEAE508F335360078DB84 /* memory.mxo */,
			);
			name = Products;
			sourceTree = "<group>";
		};
/* End PBXGroup section */

/* Begin PBXHeadersBuildPhase section */
		2FBBEAD708F335360078DB84 /* Headers */ = {
			isa = PBXHeadersBuildPhase;
			buildActionMask = 2147483647;
			files = (
				F6F94AD6180B5450007E73AA /* memory.h in Headers */,
			);
			runOnlyForDeploymentPostprocessing = 0;
		};
/* End PBXHeadersBuildPhase section */

/* Begin PBXNativeTarget section */
		2FBBEAD608F335360078DB84 /* max-external */ = {
			isa = PBXNativeTarget;
			buildConfigurationList = 2FBBEAE008F335360078DB84 /* Build configuration list for PBXNativeTarget "max-external" */;
			buildPhases = (
				2FBBEAD708F335360078DB84 /* Headers */,
				2FBBEAD808F335360078DB84 /* Resources */,
				2FBBEADA08F335360078DB84 /* Sources */,
				2FBBEADC08F335360078DB84 /* Frameworks */,
				2FBBEADF08F335360078DB84 /* Rez */,
			);
			buildRules = (
			);
			dependencies = (
			);
			name = "max-external";
			productName = iterator;
			productReference = 2FBBEAE508F335360078DB84 /* memory.mxo */;
			productType = "com.apple.product-type.bundle";
		};
/* End PBXNativeTarget section */

/* Begin PBXProject section */
		089C1669FE841209C02AAC07 /* Project object */ = {
			isa = PBXProject;
			attributes = {
				LastUpgradeCheck = 0710;
			};
			buildConfigurationList = 2FBBEACF08F335010078DB84 /* Build configuration list for PBXProject "memory" */;
			compatibilityVersion = "Xcode 3.2";
			developmentRegion = English;
			hasScannedForEncodings = 1;
			knownRegions = (
				en,
			);
			mainGroup = 089C166AFE841209C02AAC07 /* iterator */;
			projectDirPath = "";
			projectRoot = "";
			targets = (
				2FBBEAD608F335360078DB84 /* max-external */,
			);
		};
/* End PBXProject section */

/* Begin PBXResourcesBuildPhase section */
		2FBBEAD808F335360078DB84 /* Resources */ = {
			isa = PBXResourcesBuildPhase;
			buildActionMask = 2147483647;
			files = (
				F6546BFB1BFC27E5005BBE4B /* maxmspsdk.xcconfig in Resources */,
			);
			runOnlyForDeploymentPostprocessing = 0;
		};
/* End PBXResourcesBuildPhase section */

/* Begin PBXRezBuildPhase section */
		2FBBEADF08F335360078DB84 /* Rez */ = {
			isa = PBXRezBuildPhase;
			buildActionMask = 2147483647;
			files = (
			);
			runOnlyForDeploymentPostprocessing = 0;
		};
/* End PBXRezBuildPhase section */

/* Begin PBXSourcesBuildPhase section */
		2FBBEADA08F335360078DB84 /* Sources */ = {
			isa = PBXSourcesBuildPhase;
			buildActionMask = 2147483647;
			files = (
				F6F94AD2180B5450007E73AA /* memory_Remember.cpp in Sources */,
				F6F94AD5180B5450007E73AA /* memory.cpp in Sources */,
				F6F94AD1180B5450007E73AA /* memory_Recall.cpp in Sources */,
				F6F94ACE180B5450007E73AA /* memory_Clear.cpp in Sources */,
				F6F94AD0180B5450007E73AA /* memory_Load.cpp in Sources */,
				F6F94AD3180B5450007E73AA /* memory_Store.cpp in Sources */,
				F6F94AD4180B5450007E73AA /* memory_Trace.cpp in Sources */,
				F6F94ACD180B5450007E73AA /* memory_Assist.cpp in Sources */,
				F6F94AD7180B5450007E73AA /* memorySupport.cpp in Sources */,
				F6F94ACF180B5450007E73AA /* memory_Forget.cpp in Sources */,
			);
			runOnlyForDeploymentPostprocessing = 0;
		};
/* End PBXSourcesBuildPhase section */

/* Begin XCBuildConfiguration section */
		2FBBEAD008F335010078DB84 /* Development */ = {
			isa = XCBuildConfiguration;
			buildSettings = {
				ENABLE_TESTABILITY = YES;
				MACOSX_DEPLOYMENT_TARGET = 10.5;
				ONLY_ACTIVE_ARCH = YES;
				SDKROOT = macosx;
			};
			name = Development;
		};
		2FBBEAD108F335010078DB84 /* Deployment */ = {
			isa = XCBuildConfiguration;
			buildSettings = {
				MACOSX_DEPLOYMENT_TARGET = 10.5;
				SDKROOT = macosx;
			};
			name = Deployment;
		};
		2FBBEAE108F335360078DB84 /* Development */ = {
			isa = XCBuildConfiguration;
			baseConfigurationReference = F6546BFA1BFC27E5005BBE4B /* maxmspsdk.xcconfig */;
			buildSettings = {
				COMBINE_HIDPI_IMAGES = YES;
				COPY_PHASE_STRIP = NO;
				GCC_OPTIMIZATION_LEVEL = 0;
				PRODUCT_VERSION = 1.0.2;
				PRODUCT_YEAR = 2000;
			};
			name = Development;
		};
		2FBBEAE208F335360078DB84 /* Deployment */ = {
			isa = XCBuildConfiguration;
			baseConfigurationReference = F6546BFA1BFC27E5005BBE4B /* maxmspsdk.xcconfig */;
			buildSettings = {
				COMBINE_HIDPI_IMAGES = YES;
				COPY_PHASE_STRIP = YES;
				PRODUCT_VERSION = 1.0.2;
				PRODUCT_YEAR = 2000;
			};
			name = Deployment;
		};
/* End XCBuildConfiguration section */

/* Begin XCConfigurationList section */
		2FBBEACF08F335010078DB84 /* Build configuration list for PBXProject "memory" */ = {
			isa = XCConfigurationList;
			buildConfigurations = (
				2FBBEAD008F335010078DB84 /* Development */,
				2FBBEAD108F335010078DB84 /* Deployment */,
			);
			defaultConfigurationIsVisible = 0;
			defaultConfigurationName = Development;
		};
		2FBBEAE008F335360078DB84 /* Build configuration list for PBXNativeTarget "max-external" */ = {
			isa = XCConfigurationList;
			buildConfigurations = (
				2FBBEAE108F335360078DB84 /* Development */,
				2FBBEAE208F335360078DB84 /* Deployment */,
			);
			defaultConfigurationIsVisible = 0;
			defaultConfigurationName = Development;
		};
/* End XCConfigurationList section */
	};
	rootObject = 089C1669FE841209C02AAC07 /* Project object */;
}
