// !$*UTF8*$!
{
	archiveVersion = 1;
	classes = {
	};
	objectVersion = 46;
	objects = {

/* Begin PBXAggregateTarget section */
		F6CC82E518035CAF0078F37B /* Device */ = {
			isa = PBXAggregateTarget;
			buildConfigurationList = F6CC82E618035CAF0078F37B /* Build configuration list for PBXAggregateTarget "Device" */;
			buildPhases = (
			);
			dependencies = (
				F6A9D3EA1BFAF31B00518D80 /* PBXTargetDependency */,
				F67C45371C03F4B600A15B25 /* PBXTargetDependency */,
				F67C453B1C03F4C000A15B25 /* PBXTargetDependency */,
				F6A9D3F51BFAF32E00518D80 /* PBXTargetDependency */,
				F6A9D3F71BFAF33200518D80 /* PBXTargetDependency */,
			);
			name = Device;
			productName = Device;
		};
/* End PBXAggregateTarget section */

/* Begin PBXContainerItemProxy section */
		F6185DFA1BFCAFB300CC4D55 /* PBXContainerItemProxy */ = {
			isa = PBXContainerItemProxy;
			containerPortal = F62621301BF9395A00D27BE9 /* ldp1550.xcodeproj */;
			proxyType = 2;
			remoteGlobalIDString = 2FBBEAE508F335360078DB84;
			remoteInfo = "max-external";
		};
		F6185DFF1BFCAFB400CC4D55 /* PBXContainerItemProxy */ = {
			isa = PBXContainerItemProxy;
			containerPortal = F62621361BF9397900D27BE9 /* mtc.xcodeproj */;
			proxyType = 2;
			remoteGlobalIDString = 2FBBEAE508F335360078DB84;
			remoteInfo = "max-external";
		};
		F6253A281BFA1657005FB7EF /* PBXContainerItemProxy */ = {
			isa = PBXContainerItemProxy;
			containerPortal = F626212A1BF9394C00D27BE9 /* gvp.xcodeproj */;
			proxyType = 2;
			remoteGlobalIDString = 2FBBEAE508F335360078DB84;
			remoteInfo = "max-external";
		};
		F62621401BF9398900D27BE9 /* PBXContainerItemProxy */ = {
			isa = PBXContainerItemProxy;
			containerPortal = F626213C1BF9398800D27BE9 /* x10.xcodeproj */;
			proxyType = 2;
			remoteGlobalIDString = 2FBBEAE508F335360078DB84;
			remoteInfo = "max-external";
		};
		F62621461BF9399600D27BE9 /* PBXContainerItemProxy */ = {
			isa = PBXContainerItemProxy;
			containerPortal = F62621421BF9399500D27BE9 /* spaceball.xcodeproj */;
			proxyType = 2;
			remoteGlobalIDString = 2FBBEAE508F335360078DB84;
			remoteInfo = "max-external";
		};
		F67C45361C03F4B600A15B25 /* PBXContainerItemProxy */ = {
			isa = PBXContainerItemProxy;
			containerPortal = F62621301BF9395A00D27BE9 /* ldp1550.xcodeproj */;
			proxyType = 1;
			remoteGlobalIDString = 2FBBEAD608F335360078DB84;
			remoteInfo = "max-external";
		};
		F67C453A1C03F4C000A15B25 /* PBXContainerItemProxy */ = {
			isa = PBXContainerItemProxy;
			containerPortal = F62621361BF9397900D27BE9 /* mtc.xcodeproj */;
			proxyType = 1;
			remoteGlobalIDString = 2FBBEAD608F335360078DB84;
			remoteInfo = "max-external";
		};
		F6A9D3E91BFAF31B00518D80 /* PBXContainerItemProxy */ = {
			isa = PBXContainerItemProxy;
			containerPortal = F626212A1BF9394C00D27BE9 /* gvp.xcodeproj */;
			proxyType = 1;
			remoteGlobalIDString = 2FBBEAD608F335360078DB84;
			remoteInfo = "max-external";
		};
		F6A9D3F41BFAF32E00518D80 /* PBXContainerItemProxy */ = {
			isa = PBXContainerItemProxy;
			containerPortal = F62621421BF9399500D27BE9 /* spaceball.xcodeproj */;
			proxyType = 1;
			remoteGlobalIDString = 2FBBEAD608F335360078DB84;
			remoteInfo = "max-external";
		};
		F6A9D3F61BFAF33200518D80 /* PBXContainerItemProxy */ = {
			isa = PBXContainerItemProxy;
			containerPortal = F626213C1BF9398800D27BE9 /* x10.xcodeproj */;
			proxyType = 1;
			remoteGlobalIDString = 2FBBEAD608F335360078DB84;
			remoteInfo = "max-external";
		};
/* End PBXContainerItemProxy section */

/* Begin PBXFileReference section */
		F626212A1BF9394C00D27BE9 /* gvp.xcodeproj */ = {isa = PBXFileReference; lastKnownFileType = "wrapper.pb-project"; name = gvp.xcodeproj; path = gvp/gvp.xcodeproj; sourceTree = SOURCE_ROOT; };
		F62621301BF9395A00D27BE9 /* ldp1550.xcodeproj */ = {isa = PBXFileReference; lastKnownFileType = "wrapper.pb-project"; name = ldp1550.xcodeproj; path = ldp1550/ldp1550.xcodeproj; sourceTree = SOURCE_ROOT; };
		F62621361BF9397900D27BE9 /* mtc.xcodeproj */ = {isa = PBXFileReference; lastKnownFileType = "wrapper.pb-project"; name = mtc.xcodeproj; path = mtc/mtc.xcodeproj; sourceTree = SOURCE_ROOT; };
		F626213C1BF9398800D27BE9 /* x10.xcodeproj */ = {isa = PBXFileReference; lastKnownFileType = "wrapper.pb-project"; name = x10.xcodeproj; path = x10/x10.xcodeproj; sourceTree = "<group>"; };
		F62621421BF9399500D27BE9 /* spaceball.xcodeproj */ = {isa = PBXFileReference; lastKnownFileType = "wrapper.pb-project"; name = spaceball.xcodeproj; path = spaceball/spaceball.xcodeproj; sourceTree = "<group>"; };
/* End PBXFileReference section */

/* Begin PBXGroup section */
		F6185DF71BFCAFB300CC4D55 /* Products */ = {
			isa = PBXGroup;
			children = (
				F6185DFB1BFCAFB300CC4D55 /* ldp1550.mxo */,
			);
			name = Products;
			sourceTree = "<group>";
		};
		F6185DFC1BFCAFB300CC4D55 /* Products */ = {
			isa = PBXGroup;
			children = (
				F6185E001BFCAFB400CC4D55 /* mtc.mxo */,
			);
			name = Products;
			sourceTree = "<group>";
		};
		F6253A251BFA1657005FB7EF /* Products */ = {
			isa = PBXGroup;
			children = (
				F6253A291BFA1657005FB7EF /* gvp.mxo */,
			);
			name = Products;
			sourceTree = "<group>";
		};
		F626213D1BF9398800D27BE9 /* Products */ = {
			isa = PBXGroup;
			children = (
				F62621411BF9398900D27BE9 /* x10.mxo */,
			);
			name = Products;
			sourceTree = "<group>";
		};
		F62621431BF9399500D27BE9 /* Products */ = {
			isa = PBXGroup;
			children = (
				F62621471BF9399600D27BE9 /* spaceball.mxo */,
			);
			name = Products;
			sourceTree = "<group>";
		};
		F6CC82DE18035CA00078F37B = {
			isa = PBXGroup;
			children = (
				F626212A1BF9394C00D27BE9 /* gvp.xcodeproj */,
				F62621301BF9395A00D27BE9 /* ldp1550.xcodeproj */,
				F62621361BF9397900D27BE9 /* mtc.xcodeproj */,
				F62621421BF9399500D27BE9 /* spaceball.xcodeproj */,
				F626213C1BF9398800D27BE9 /* x10.xcodeproj */,
			);
			sourceTree = "<group>";
		};
/* End PBXGroup section */

/* Begin PBXProject section */
		F6CC82DF18035CA00078F37B /* Project object */ = {
			isa = PBXProject;
			attributes = {
				LastUpgradeCheck = 0710;
			};
			buildConfigurationList = F6CC82E218035CA00078F37B /* Build configuration list for PBXProject "Device Interface" */;
			compatibilityVersion = "Xcode 3.2";
			developmentRegion = English;
			hasScannedForEncodings = 0;
			knownRegions = (
				en,
			);
			mainGroup = F6CC82DE18035CA00078F37B;
			projectDirPath = "";
			projectReferences = (
				{
					ProductGroup = F6253A251BFA1657005FB7EF /* Products */;
					ProjectRef = F626212A1BF9394C00D27BE9 /* gvp.xcodeproj */;
				},
				{
					ProductGroup = F6185DF71BFCAFB300CC4D55 /* Products */;
					ProjectRef = F62621301BF9395A00D27BE9 /* ldp1550.xcodeproj */;
				},
				{
					ProductGroup = F6185DFC1BFCAFB300CC4D55 /* Products */;
					ProjectRef = F62621361BF9397900D27BE9 /* mtc.xcodeproj */;
				},
				{
					ProductGroup = F62621431BF9399500D27BE9 /* Products */;
					ProjectRef = F62621421BF9399500D27BE9 /* spaceball.xcodeproj */;
				},
				{
					ProductGroup = F626213D1BF9398800D27BE9 /* Products */;
					ProjectRef = F626213C1BF9398800D27BE9 /* x10.xcodeproj */;
				},
			);
			projectRoot = "";
			targets = (
				F6CC82E518035CAF0078F37B /* Device */,
			);
		};
/* End PBXProject section */

/* Begin PBXReferenceProxy section */
		F6185DFB1BFCAFB300CC4D55 /* ldp1550.mxo */ = {
			isa = PBXReferenceProxy;
			fileType = wrapper.cfbundle;
			path = ldp1550.mxo;
			remoteRef = F6185DFA1BFCAFB300CC4D55 /* PBXContainerItemProxy */;
			sourceTree = BUILT_PRODUCTS_DIR;
		};
		F6185E001BFCAFB400CC4D55 /* mtc.mxo */ = {
			isa = PBXReferenceProxy;
			fileType = wrapper.cfbundle;
			path = mtc.mxo;
			remoteRef = F6185DFF1BFCAFB400CC4D55 /* PBXContainerItemProxy */;
			sourceTree = BUILT_PRODUCTS_DIR;
		};
		F6253A291BFA1657005FB7EF /* gvp.mxo */ = {
			isa = PBXReferenceProxy;
			fileType = wrapper.cfbundle;
			path = gvp.mxo;
			remoteRef = F6253A281BFA1657005FB7EF /* PBXContainerItemProxy */;
			sourceTree = BUILT_PRODUCTS_DIR;
		};
		F62621411BF9398900D27BE9 /* x10.mxo */ = {
			isa = PBXReferenceProxy;
			fileType = wrapper.cfbundle;
			path = x10.mxo;
			remoteRef = F62621401BF9398900D27BE9 /* PBXContainerItemProxy */;
			sourceTree = BUILT_PRODUCTS_DIR;
		};
		F62621471BF9399600D27BE9 /* spaceball.mxo */ = {
			isa = PBXReferenceProxy;
			fileType = wrapper.cfbundle;
			path = spaceball.mxo;
			remoteRef = F62621461BF9399600D27BE9 /* PBXContainerItemProxy */;
			sourceTree = BUILT_PRODUCTS_DIR;
		};
/* End PBXReferenceProxy section */

/* Begin PBXTargetDependency section */
		F67C45371C03F4B600A15B25 /* PBXTargetDependency */ = {
			isa = PBXTargetDependency;
			name = "max-external";
			targetProxy = F67C45361C03F4B600A15B25 /* PBXContainerItemProxy */;
		};
		F67C453B1C03F4C000A15B25 /* PBXTargetDependency */ = {
			isa = PBXTargetDependency;
			name = "max-external";
			targetProxy = F67C453A1C03F4C000A15B25 /* PBXContainerItemProxy */;
		};
		F6A9D3EA1BFAF31B00518D80 /* PBXTargetDependency */ = {
			isa = PBXTargetDependency;
			name = "max-external";
			targetProxy = F6A9D3E91BFAF31B00518D80 /* PBXContainerItemProxy */;
		};
		F6A9D3F51BFAF32E00518D80 /* PBXTargetDependency */ = {
			isa = PBXTargetDependency;
			name = "max-external";
			targetProxy = F6A9D3F41BFAF32E00518D80 /* PBXContainerItemProxy */;
		};
		F6A9D3F71BFAF33200518D80 /* PBXTargetDependency */ = {
			isa = PBXTargetDependency;
			name = "max-external";
			targetProxy = F6A9D3F61BFAF33200518D80 /* PBXContainerItemProxy */;
		};
/* End PBXTargetDependency section */

/* Begin XCBuildConfiguration section */
		F6CC82E318035CA00078F37B /* Development */ = {
			isa = XCBuildConfiguration;
			buildSettings = {
				ENABLE_TESTABILITY = YES;
				ONLY_ACTIVE_ARCH = YES;
			};
			name = Development;
		};
		F6CC82E418035CA00078F37B /* Deployment */ = {
			isa = XCBuildConfiguration;
			buildSettings = {
			};
			name = Deployment;
		};
		F6CC82E718035CAF0078F37B /* Development */ = {
			isa = XCBuildConfiguration;
			buildSettings = {
				PRODUCT_NAME = "$(TARGET_NAME)";
				VALID_ARCHS = i386;
			};
			name = Development;
		};
		F6CC82E818035CAF0078F37B /* Deployment */ = {
			isa = XCBuildConfiguration;
			buildSettings = {
				PRODUCT_NAME = "$(TARGET_NAME)";
				VALID_ARCHS = i386;
			};
			name = Deployment;
		};
/* End XCBuildConfiguration section */

/* Begin XCConfigurationList section */
		F6CC82E218035CA00078F37B /* Build configuration list for PBXProject "Device Interface" */ = {
			isa = XCConfigurationList;
			buildConfigurations = (
				F6CC82E318035CA00078F37B /* Development */,
				F6CC82E418035CA00078F37B /* Deployment */,
			);
			defaultConfigurationIsVisible = 0;
			defaultConfigurationName = Deployment;
		};
		F6CC82E618035CAF0078F37B /* Build configuration list for PBXAggregateTarget "Device" */ = {
			isa = XCConfigurationList;
			buildConfigurations = (
				F6CC82E718035CAF0078F37B /* Development */,
				F6CC82E818035CAF0078F37B /* Deployment */,
			);
			defaultConfigurationIsVisible = 0;
			defaultConfigurationName = Deployment;
		};
/* End XCConfigurationList section */
	};
	rootObject = F6CC82DF18035CA00078F37B /* Project object */;
}
