// !$*UTF8*$!
{
	archiveVersion = 1;
	classes = {
	};
	objectVersion = 46;
	objects = {

/* Begin PBXBuildFile section */
		F62622B11BF9484800D27BE9 /* CoreFoundation.framework in Frameworks */ = {isa = PBXBuildFile; fileRef = F62622B01BF9484800D27BE9 /* CoreFoundation.framework */; };
		F6972964180CA87A0082C8CD /* ldp1550_AllInfo.cpp in Sources */ = {isa = PBXBuildFile; fileRef = F697294B180CA87A0082C8CD /* ldp1550_AllInfo.cpp */; };
		F6972965180CA87A0082C8CD /* ldp1550_Assist.cpp in Sources */ = {isa = PBXBuildFile; fileRef = F697294C180CA87A0082C8CD /* ldp1550_Assist.cpp */; };
		F6972966180CA87A0082C8CD /* ldp1550_Chapter.cpp in Sources */ = {isa = PBXBuildFile; fileRef = F697294D180CA87A0082C8CD /* ldp1550_Chapter.cpp */; };
		F6972967180CA87A0082C8CD /* ldp1550_Continue.cpp in Sources */ = {isa = PBXBuildFile; fileRef = F697294E180CA87A0082C8CD /* ldp1550_Continue.cpp */; };
		F6972968180CA87A0082C8CD /* ldp1550_Frame.cpp in Sources */ = {isa = PBXBuildFile; fileRef = F697294F180CA87A0082C8CD /* ldp1550_Frame.cpp */; };
		F6972969180CA87A0082C8CD /* ldp1550_Memory.cpp in Sources */ = {isa = PBXBuildFile; fileRef = F6972950180CA87A0082C8CD /* ldp1550_Memory.cpp */; };
		F697296A180CA87A0082C8CD /* ldp1550_Mode.cpp in Sources */ = {isa = PBXBuildFile; fileRef = F6972951180CA87A0082C8CD /* ldp1550_Mode.cpp */; };
		F697296B180CA87A0082C8CD /* ldp1550_MSearch.cpp in Sources */ = {isa = PBXBuildFile; fileRef = F6972952180CA87A0082C8CD /* ldp1550_MSearch.cpp */; };
		F697296C180CA87A0082C8CD /* ldp1550_Picture.cpp in Sources */ = {isa = PBXBuildFile; fileRef = F6972953180CA87A0082C8CD /* ldp1550_Picture.cpp */; };
		F697296D180CA87A0082C8CD /* ldp1550_Play.cpp in Sources */ = {isa = PBXBuildFile; fileRef = F6972954180CA87A0082C8CD /* ldp1550_Play.cpp */; };
		F697296E180CA87A0082C8CD /* ldp1550_PlayTill.cpp in Sources */ = {isa = PBXBuildFile; fileRef = F6972955180CA87A0082C8CD /* ldp1550_PlayTill.cpp */; };
		F697296F180CA87A0082C8CD /* ldp1550_PSCEnable.cpp in Sources */ = {isa = PBXBuildFile; fileRef = F6972956180CA87A0082C8CD /* ldp1550_PSCEnable.cpp */; };
		F6972970180CA87A0082C8CD /* ldp1550_Repeat.cpp in Sources */ = {isa = PBXBuildFile; fileRef = F6972957180CA87A0082C8CD /* ldp1550_Repeat.cpp */; };
		F6972971180CA87A0082C8CD /* ldp1550_Reset.cpp in Sources */ = {isa = PBXBuildFile; fileRef = F6972958180CA87A0082C8CD /* ldp1550_Reset.cpp */; };
		F6972972180CA87A0082C8CD /* ldp1550_Search.cpp in Sources */ = {isa = PBXBuildFile; fileRef = F6972959180CA87A0082C8CD /* ldp1550_Search.cpp */; };
		F6972973180CA87A0082C8CD /* ldp1550_Show.cpp in Sources */ = {isa = PBXBuildFile; fileRef = F697295A180CA87A0082C8CD /* ldp1550_Show.cpp */; };
		F6972974180CA87A0082C8CD /* ldp1550_Sound.cpp in Sources */ = {isa = PBXBuildFile; fileRef = F697295B180CA87A0082C8CD /* ldp1550_Sound.cpp */; };
		F6972975180CA87A0082C8CD /* ldp1550_Status.cpp in Sources */ = {isa = PBXBuildFile; fileRef = F697295C180CA87A0082C8CD /* ldp1550_Status.cpp */; };
		F6972976180CA87A0082C8CD /* ldp1550_StepStill.cpp in Sources */ = {isa = PBXBuildFile; fileRef = F697295D180CA87A0082C8CD /* ldp1550_StepStill.cpp */; };
		F6972977180CA87A0082C8CD /* ldp1550_Still.cpp in Sources */ = {isa = PBXBuildFile; fileRef = F697295E180CA87A0082C8CD /* ldp1550_Still.cpp */; };
		F6972978180CA87A0082C8CD /* ldp1550_Stop.cpp in Sources */ = {isa = PBXBuildFile; fileRef = F697295F180CA87A0082C8CD /* ldp1550_Stop.cpp */; };
		F6972979180CA87A0082C8CD /* ldp1550_XReset.cpp in Sources */ = {isa = PBXBuildFile; fileRef = F6972960180CA87A0082C8CD /* ldp1550_XReset.cpp */; };
		F697297A180CA87A0082C8CD /* ldp1550.cpp in Sources */ = {isa = PBXBuildFile; fileRef = F6972961180CA87A0082C8CD /* ldp1550.cpp */; };
		F697297B180CA87A0082C8CD /* ldp1550.h in Headers */ = {isa = PBXBuildFile; fileRef = F6972962180CA87A0082C8CD /* ldp1550.h */; };
		F697297C180CA87A0082C8CD /* ldp1550packets.cpp in Sources */ = {isa = PBXBuildFile; fileRef = F6972963180CA87A0082C8CD /* ldp1550packets.cpp */; };
		F697297E180CB62E0082C8CD /* ldp1550_In1.cpp in Sources */ = {isa = PBXBuildFile; fileRef = F697297D180CB62E0082C8CD /* ldp1550_In1.cpp */; };
		F6A9D4A91BFAF4BE00518D80 /* libCommonLibrary.a in Frameworks */ = {isa = PBXBuildFile; fileRef = F6A9D4A81BFAF4BE00518D80 /* libCommonLibrary.a */; };
/* End PBXBuildFile section */

/* Begin PBXFileReference section */
		2FBBEAE508F335360078DB84 /* ldp1550.mxo */ = {isa = PBXFileReference; explicitFileType = wrapper.cfbundle; includeInIndex = 0; path = ldp1550.mxo; sourceTree = BUILT_PRODUCTS_DIR; };
		F62622B01BF9484800D27BE9 /* CoreFoundation.framework */ = {isa = PBXFileReference; lastKnownFileType = wrapper.framework; name = CoreFoundation.framework; path = System/Library/Frameworks/CoreFoundation.framework; sourceTree = SDKROOT; };
		F6546BD41BFC26F6005BBE4B /* maxmspsdk.xcconfig */ = {isa = PBXFileReference; fileEncoding = 4; lastKnownFileType = text.xcconfig; name = maxmspsdk.xcconfig; path = ../../maxmspsdk.xcconfig; sourceTree = SOURCE_ROOT; };
		F697294B180CA87A0082C8CD /* ldp1550_AllInfo.cpp */ = {isa = PBXFileReference; fileEncoding = 4; lastKnownFileType = sourcecode.cpp.cpp; path = ldp1550_AllInfo.cpp; sourceTree = SOURCE_ROOT; };
		F697294C180CA87A0082C8CD /* ldp1550_Assist.cpp */ = {isa = PBXFileReference; fileEncoding = 4; lastKnownFileType = sourcecode.cpp.cpp; path = ldp1550_Assist.cpp; sourceTree = SOURCE_ROOT; };
		F697294D180CA87A0082C8CD /* ldp1550_Chapter.cpp */ = {isa = PBXFileReference; fileEncoding = 4; lastKnownFileType = sourcecode.cpp.cpp; path = ldp1550_Chapter.cpp; sourceTree = SOURCE_ROOT; };
		F697294E180CA87A0082C8CD /* ldp1550_Continue.cpp */ = {isa = PBXFileReference; fileEncoding = 4; lastKnownFileType = sourcecode.cpp.cpp; path = ldp1550_Continue.cpp; sourceTree = SOURCE_ROOT; };
		F697294F180CA87A0082C8CD /* ldp1550_Frame.cpp */ = {isa = PBXFileReference; fileEncoding = 4; lastKnownFileType = sourcecode.cpp.cpp; path = ldp1550_Frame.cpp; sourceTree = SOURCE_ROOT; };
		F6972950180CA87A0082C8CD /* ldp1550_Memory.cpp */ = {isa = PBXFileReference; fileEncoding = 4; lastKnownFileType = sourcecode.cpp.cpp; path = ldp1550_Memory.cpp; sourceTree = SOURCE_ROOT; };
		F6972951180CA87A0082C8CD /* ldp1550_Mode.cpp */ = {isa = PBXFileReference; fileEncoding = 4; lastKnownFileType = sourcecode.cpp.cpp; path = ldp1550_Mode.cpp; sourceTree = SOURCE_ROOT; };
		F6972952180CA87A0082C8CD /* ldp1550_MSearch.cpp */ = {isa = PBXFileReference; fileEncoding = 4; lastKnownFileType = sourcecode.cpp.cpp; path = ldp1550_MSearch.cpp; sourceTree = SOURCE_ROOT; };
		F6972953180CA87A0082C8CD /* ldp1550_Picture.cpp */ = {isa = PBXFileReference; fileEncoding = 4; lastKnownFileType = sourcecode.cpp.cpp; path = ldp1550_Picture.cpp; sourceTree = SOURCE_ROOT; };
		F6972954180CA87A0082C8CD /* ldp1550_Play.cpp */ = {isa = PBXFileReference; fileEncoding = 4; lastKnownFileType = sourcecode.cpp.cpp; path = ldp1550_Play.cpp; sourceTree = SOURCE_ROOT; };
		F6972955180CA87A0082C8CD /* ldp1550_PlayTill.cpp */ = {isa = PBXFileReference; fileEncoding = 4; lastKnownFileType = sourcecode.cpp.cpp; path = ldp1550_PlayTill.cpp; sourceTree = SOURCE_ROOT; };
		F6972956180CA87A0082C8CD /* ldp1550_PSCEnable.cpp */ = {isa = PBXFileReference; fileEncoding = 4; lastKnownFileType = sourcecode.cpp.cpp; path = ldp1550_PSCEnable.cpp; sourceTree = SOURCE_ROOT; };
		F6972957180CA87A0082C8CD /* ldp1550_Repeat.cpp */ = {isa = PBXFileReference; fileEncoding = 4; lastKnownFileType = sourcecode.cpp.cpp; path = ldp1550_Repeat.cpp; sourceTree = SOURCE_ROOT; };
		F6972958180CA87A0082C8CD /* ldp1550_Reset.cpp */ = {isa = PBXFileReference; fileEncoding = 4; lastKnownFileType = sourcecode.cpp.cpp; path = ldp1550_Reset.cpp; sourceTree = SOURCE_ROOT; };
		F6972959180CA87A0082C8CD /* ldp1550_Search.cpp */ = {isa = PBXFileReference; fileEncoding = 4; lastKnownFileType = sourcecode.cpp.cpp; path = ldp1550_Search.cpp; sourceTree = SOURCE_ROOT; };
		F697295A180CA87A0082C8CD /* ldp1550_Show.cpp */ = {isa = PBXFileReference; fileEncoding = 4; lastKnownFileType = sourcecode.cpp.cpp; path = ldp1550_Show.cpp; sourceTree = SOURCE_ROOT; };
		F697295B180CA87A0082C8CD /* ldp1550_Sound.cpp */ = {isa = PBXFileReference; fileEncoding = 4; lastKnownFileType = sourcecode.cpp.cpp; path = ldp1550_Sound.cpp; sourceTree = SOURCE_ROOT; };
		F697295C180CA87A0082C8CD /* ldp1550_Status.cpp */ = {isa = PBXFileReference; fileEncoding = 4; lastKnownFileType = sourcecode.cpp.cpp; path = ldp1550_Status.cpp; sourceTree = SOURCE_ROOT; };
		F697295D180CA87A0082C8CD /* ldp1550_StepStill.cpp */ = {isa = PBXFileReference; fileEncoding = 4; lastKnownFileType = sourcecode.cpp.cpp; path = ldp1550_StepStill.cpp; sourceTree = SOURCE_ROOT; };
		F697295E180CA87A0082C8CD /* ldp1550_Still.cpp */ = {isa = PBXFileReference; fileEncoding = 4; lastKnownFileType = sourcecode.cpp.cpp; path = ldp1550_Still.cpp; sourceTree = SOURCE_ROOT; };
		F697295F180CA87A0082C8CD /* ldp1550_Stop.cpp */ = {isa = PBXFileReference; fileEncoding = 4; lastKnownFileType = sourcecode.cpp.cpp; path = ldp1550_Stop.cpp; sourceTree = SOURCE_ROOT; };
		F6972960180CA87A0082C8CD /* ldp1550_XReset.cpp */ = {isa = PBXFileReference; fileEncoding = 4; lastKnownFileType = sourcecode.cpp.cpp; path = ldp1550_XReset.cpp; sourceTree = SOURCE_ROOT; };
		F6972961180CA87A0082C8CD /* ldp1550.cpp */ = {isa = PBXFileReference; fileEncoding = 4; lastKnownFileType = sourcecode.cpp.cpp; path = ldp1550.cpp; sourceTree = SOURCE_ROOT; };
		F6972962180CA87A0082C8CD /* ldp1550.h */ = {isa = PBXFileReference; fileEncoding = 4; lastKnownFileType = sourcecode.c.h; path = ldp1550.h; sourceTree = SOURCE_ROOT; };
		F6972963180CA87A0082C8CD /* ldp1550packets.cpp */ = {isa = PBXFileReference; fileEncoding = 4; lastKnownFileType = sourcecode.cpp.cpp; path = ldp1550packets.cpp; sourceTree = SOURCE_ROOT; };
		F697297D180CB62E0082C8CD /* ldp1550_In1.cpp */ = {isa = PBXFileReference; fileEncoding = 4; lastKnownFileType = sourcecode.cpp.cpp; path = ldp1550_In1.cpp; sourceTree = SOURCE_ROOT; };
		F6A9D4A81BFAF4BE00518D80 /* libCommonLibrary.a */ = {isa = PBXFileReference; lastKnownFileType = archive.ar; name = libCommonLibrary.a; path = "/Users/njaffe/Library/Developer/Xcode/DerivedData/NJObjects-cfvosuyivjfhivdvtnowssnhdiht/Build/Products/Development/libCommonLibrary.a"; sourceTree = "<absolute>"; };
/* End PBXFileReference section */

/* Begin PBXFrameworksBuildPhase section */
		2FBBEADC08F335360078DB84 /* Frameworks */ = {
			isa = PBXFrameworksBuildPhase;
			buildActionMask = 2147483647;
			files = (
				F6A9D4A91BFAF4BE00518D80 /* libCommonLibrary.a in Frameworks */,
				F62622B11BF9484800D27BE9 /* CoreFoundation.framework in Frameworks */,
			);
			runOnlyForDeploymentPostprocessing = 0;
		};
/* End PBXFrameworksBuildPhase section */

/* Begin PBXGroup section */
		089C166AFE841209C02AAC07 /* iterator */ = {
			isa = PBXGroup;
			children = (
				F6546BD41BFC26F6005BBE4B /* maxmspsdk.xcconfig */,
				08FB77ADFE841716C02AAC07 /* Source */,
				089C1671FE841209C02AAC07 /* External Frameworks and Libraries */,
				19C28FB4FE9D528D11CA2CBB /* Products */,
			);
			name = iterator;
			sourceTree = "<group>";
		};
		089C1671FE841209C02AAC07 /* External Frameworks and Libraries */ = {
			isa = PBXGroup;
			children = (
				F6A9D4A81BFAF4BE00518D80 /* libCommonLibrary.a */,
				F62622B01BF9484800D27BE9 /* CoreFoundation.framework */,
			);
			name = "External Frameworks and Libraries";
			sourceTree = "<group>";
		};
		08FB77ADFE841716C02AAC07 /* Source */ = {
			isa = PBXGroup;
			children = (
				F697294B180CA87A0082C8CD /* ldp1550_AllInfo.cpp */,
				F697294C180CA87A0082C8CD /* ldp1550_Assist.cpp */,
				F697294D180CA87A0082C8CD /* ldp1550_Chapter.cpp */,
				F697294E180CA87A0082C8CD /* ldp1550_Continue.cpp */,
				F697294F180CA87A0082C8CD /* ldp1550_Frame.cpp */,
				F697297D180CB62E0082C8CD /* ldp1550_In1.cpp */,
				F6972950180CA87A0082C8CD /* ldp1550_Memory.cpp */,
				F6972951180CA87A0082C8CD /* ldp1550_Mode.cpp */,
				F6972952180CA87A0082C8CD /* ldp1550_MSearch.cpp */,
				F6972953180CA87A0082C8CD /* ldp1550_Picture.cpp */,
				F6972954180CA87A0082C8CD /* ldp1550_Play.cpp */,
				F6972955180CA87A0082C8CD /* ldp1550_PlayTill.cpp */,
				F6972956180CA87A0082C8CD /* ldp1550_PSCEnable.cpp */,
				F6972957180CA87A0082C8CD /* ldp1550_Repeat.cpp */,
				F6972958180CA87A0082C8CD /* ldp1550_Reset.cpp */,
				F6972959180CA87A0082C8CD /* ldp1550_Search.cpp */,
				F697295A180CA87A0082C8CD /* ldp1550_Show.cpp */,
				F697295B180CA87A0082C8CD /* ldp1550_Sound.cpp */,
				F697295C180CA87A0082C8CD /* ldp1550_Status.cpp */,
				F697295D180CA87A0082C8CD /* ldp1550_StepStill.cpp */,
				F697295E180CA87A0082C8CD /* ldp1550_Still.cpp */,
				F697295F180CA87A0082C8CD /* ldp1550_Stop.cpp */,
				F6972960180CA87A0082C8CD /* ldp1550_XReset.cpp */,
				F6972961180CA87A0082C8CD /* ldp1550.cpp */,
				F6972962180CA87A0082C8CD /* ldp1550.h */,
				F6972963180CA87A0082C8CD /* ldp1550packets.cpp */,
			);
			name = Source;
			sourceTree = "<group>";
		};
		19C28FB4FE9D528D11CA2CBB /* Products */ = {
			isa = PBXGroup;
			children = (
				2FBBEAE508F335360078DB84 /* ldp1550.mxo */,
			);
			name = Products;
			sourceTree = "<group>";
		};
/* End PBXGroup section */

/* Begin PBXHeadersBuildPhase section */
		2FBBEAD708F335360078DB84 /* Headers */ = {
			isa = PBXHeadersBuildPhase;
			buildActionMask = 2147483647;
			files = (
				F697297B180CA87A0082C8CD /* ldp1550.h in Headers */,
			);
			runOnlyForDeploymentPostprocessing = 0;
		};
/* End PBXHeadersBuildPhase section */

/* Begin PBXNativeTarget section */
		2FBBEAD608F335360078DB84 /* max-external */ = {
			isa = PBXNativeTarget;
			buildConfigurationList = 2FBBEAE008F335360078DB84 /* Build configuration list for PBXNativeTarget "max-external" */;
			buildPhases = (
				2FBBEAD708F335360078DB84 /* Headers */,
				2FBBEAD808F335360078DB84 /* Resources */,
				2FBBEADA08F335360078DB84 /* Sources */,
				2FBBEADC08F335360078DB84 /* Frameworks */,
				2FBBEADF08F335360078DB84 /* Rez */,
			);
			buildRules = (
			);
			dependencies = (
			);
			name = "max-external";
			productName = iterator;
			productReference = 2FBBEAE508F335360078DB84 /* ldp1550.mxo */;
			productType = "com.apple.product-type.bundle";
		};
/* End PBXNativeTarget section */

/* Begin PBXProject section */
		089C1669FE841209C02AAC07 /* Project object */ = {
			isa = PBXProject;
			attributes = {
				LastUpgradeCheck = 0710;
			};
			buildConfigurationList = 2FBBEACF08F335010078DB84 /* Build configuration list for PBXProject "ldp1550" */;
			compatibilityVersion = "Xcode 3.2";
			developmentRegion = English;
			hasScannedForEncodings = 1;
			knownRegions = (
				en,
			);
			mainGroup = 089C166AFE841209C02AAC07 /* iterator */;
			projectDirPath = "";
			projectRoot = "";
			targets = (
				2FBBEAD608F335360078DB84 /* max-external */,
			);
		};
/* End PBXProject section */

/* Begin PBXResourcesBuildPhase section */
		2FBBEAD808F335360078DB84 /* Resources */ = {
			isa = PBXResourcesBuildPhase;
			buildActionMask = 2147483647;
			files = (
			);
			runOnlyForDeploymentPostprocessing = 0;
		};
/* End PBXResourcesBuildPhase section */

/* Begin PBXRezBuildPhase section */
		2FBBEADF08F335360078DB84 /* Rez */ = {
			isa = PBXRezBuildPhase;
			buildActionMask = 2147483647;
			files = (
			);
			runOnlyForDeploymentPostprocessing = 0;
		};
/* End PBXRezBuildPhase section */

/* Begin PBXSourcesBuildPhase section */
		2FBBEADA08F335360078DB84 /* Sources */ = {
			isa = PBXSourcesBuildPhase;
			buildActionMask = 2147483647;
			files = (
				F697296E180CA87A0082C8CD /* ldp1550_PlayTill.cpp in Sources */,
				F697297E180CB62E0082C8CD /* ldp1550_In1.cpp in Sources */,
				F6972966180CA87A0082C8CD /* ldp1550_Chapter.cpp in Sources */,
				F697296A180CA87A0082C8CD /* ldp1550_Mode.cpp in Sources */,
				F697296D180CA87A0082C8CD /* ldp1550_Play.cpp in Sources */,
				F697297A180CA87A0082C8CD /* ldp1550.cpp in Sources */,
				F6972965180CA87A0082C8CD /* ldp1550_Assist.cpp in Sources */,
				F6972964180CA87A0082C8CD /* ldp1550_AllInfo.cpp in Sources */,
				F6972971180CA87A0082C8CD /* ldp1550_Reset.cpp in Sources */,
				F6972969180CA87A0082C8CD /* ldp1550_Memory.cpp in Sources */,
				F6972977180CA87A0082C8CD /* ldp1550_Still.cpp in Sources */,
				F6972968180CA87A0082C8CD /* ldp1550_Frame.cpp in Sources */,
				F6972972180CA87A0082C8CD /* ldp1550_Search.cpp in Sources */,
				F697297C180CA87A0082C8CD /* ldp1550packets.cpp in Sources */,
				F6972976180CA87A0082C8CD /* ldp1550_StepStill.cpp in Sources */,
				F697296F180CA87A0082C8CD /* ldp1550_PSCEnable.cpp in Sources */,
				F697296C180CA87A0082C8CD /* ldp1550_Picture.cpp in Sources */,
				F6972975180CA87A0082C8CD /* ldp1550_Status.cpp in Sources */,
				F6972970180CA87A0082C8CD /* ldp1550_Repeat.cpp in Sources */,
				F6972967180CA87A0082C8CD /* ldp1550_Continue.cpp in Sources */,
				F6972979180CA87A0082C8CD /* ldp1550_XReset.cpp in Sources */,
				F6972973180CA87A0082C8CD /* ldp1550_Show.cpp in Sources */,
				F6972974180CA87A0082C8CD /* ldp1550_Sound.cpp in Sources */,
				F697296B180CA87A0082C8CD /* ldp1550_MSearch.cpp in Sources */,
				F6972978180CA87A0082C8CD /* ldp1550_Stop.cpp in Sources */,
			);
			runOnlyForDeploymentPostprocessing = 0;
		};
/* End PBXSourcesBuildPhase section */

/* Begin XCBuildConfiguration section */
		2FBBEAD008F335010078DB84 /* Development */ = {
			isa = XCBuildConfiguration;
			buildSettings = {
				ENABLE_TESTABILITY = YES;
				MACOSX_DEPLOYMENT_TARGET = 10.5;
				ONLY_ACTIVE_ARCH = YES;
				SDKROOT = macosx;
			};
			name = Development;
		};
		2FBBEAD108F335010078DB84 /* Deployment */ = {
			isa = XCBuildConfiguration;
			buildSettings = {
				MACOSX_DEPLOYMENT_TARGET = 10.5;
				SDKROOT = macosx;
			};
			name = Deployment;
		};
		2FBBEAE108F335360078DB84 /* Development */ = {
			isa = XCBuildConfiguration;
			baseConfigurationReference = F6546BD41BFC26F6005BBE4B /* maxmspsdk.xcconfig */;
			buildSettings = {
				COMBINE_HIDPI_IMAGES = YES;
				COPY_PHASE_STRIP = NO;
				GCC_OPTIMIZATION_LEVEL = 0;
				PRODUCT_VERSION = 1.0.6;
				PRODUCT_YEAR = 1996;
			};
			name = Development;
		};
		2FBBEAE208F335360078DB84 /* Deployment */ = {
			isa = XCBuildConfiguration;
			baseConfigurationReference = F6546BD41BFC26F6005BBE4B /* maxmspsdk.xcconfig */;
			buildSettings = {
				COMBINE_HIDPI_IMAGES = YES;
				COPY_PHASE_STRIP = YES;
				PRODUCT_VERSION = 1.0.6;
				PRODUCT_YEAR = 1996;
			};
			name = Deployment;
		};
/* End XCBuildConfiguration section */

/* Begin XCConfigurationList section */
		2FBBEACF08F335010078DB84 /* Build configuration list for PBXProject "ldp1550" */ = {
			isa = XCConfigurationList;
			buildConfigurations = (
				2FBBEAD008F335010078DB84 /* Development */,
				2FBBEAD108F335010078DB84 /* Deployment */,
			);
			defaultConfigurationIsVisible = 0;
			defaultConfigurationName = Development;
		};
		2FBBEAE008F335360078DB84 /* Build configuration list for PBXNativeTarget "max-external" */ = {
			isa = XCConfigurationList;
			buildConfigurations = (
				2FBBEAE108F335360078DB84 /* Development */,
				2FBBEAE208F335360078DB84 /* Deployment */,
			);
			defaultConfigurationIsVisible = 0;
			defaultConfigurationName = Development;
		};
/* End XCConfigurationList section */
	};
	rootObject = 089C1669FE841209C02AAC07 /* Project object */;
}
