// !$*UTF8*$!
{
	archiveVersion = 1;
	classes = {
	};
	objectVersion = 46;
	objects = {

/* Begin PBXBuildFile section */
		F626231B1BF94E1900D27BE9 /* CoreFoundation.framework in Frameworks */ = {isa = PBXBuildFile; fileRef = F626231A1BF94E1900D27BE9 /* CoreFoundation.framework */; };
		F626231D1BF94E2500D27BE9 /* MaxAPI.framework in Frameworks */ = {isa = PBXBuildFile; fileRef = F626231C1BF94E2500D27BE9 /* MaxAPI.framework */; };
		F6546BFF1BFC27F1005BBE4B /* maxmspsdk.xcconfig in Resources */ = {isa = PBXBuildFile; fileRef = F6546BFE1BFC27F1005BBE4B /* maxmspsdk.xcconfig */; };
		F69728E5180C66440082C8CD /* queue_Add.cpp in Sources */ = {isa = PBXBuildFile; fileRef = F69728D9180C66440082C8CD /* queue_Add.cpp */; };
		F69728E6180C66440082C8CD /* queue_Assist.cpp in Sources */ = {isa = PBXBuildFile; fileRef = F69728DA180C66440082C8CD /* queue_Assist.cpp */; };
		F69728E7180C66440082C8CD /* queue_Bang.cpp in Sources */ = {isa = PBXBuildFile; fileRef = F69728DB180C66440082C8CD /* queue_Bang.cpp */; };
		F69728E8180C66440082C8CD /* queue_Clear.cpp in Sources */ = {isa = PBXBuildFile; fileRef = F69728DC180C66440082C8CD /* queue_Clear.cpp */; };
		F69728E9180C66440082C8CD /* queue_Depth.cpp in Sources */ = {isa = PBXBuildFile; fileRef = F69728DD180C66440082C8CD /* queue_Depth.cpp */; };
		F69728EA180C66440082C8CD /* queue_Fetch.cpp in Sources */ = {isa = PBXBuildFile; fileRef = F69728DE180C66440082C8CD /* queue_Fetch.cpp */; };
		F69728EB180C66440082C8CD /* queue_Pull.cpp in Sources */ = {isa = PBXBuildFile; fileRef = F69728DF180C66440082C8CD /* queue_Pull.cpp */; };
		F69728EC180C66440082C8CD /* queue_SetDepth.cpp in Sources */ = {isa = PBXBuildFile; fileRef = F69728E0180C66440082C8CD /* queue_SetDepth.cpp */; };
		F69728ED180C66440082C8CD /* queue_Trace.cpp in Sources */ = {isa = PBXBuildFile; fileRef = F69728E1180C66440082C8CD /* queue_Trace.cpp */; };
		F69728EE180C66440082C8CD /* queue.cpp in Sources */ = {isa = PBXBuildFile; fileRef = F69728E2180C66440082C8CD /* queue.cpp */; };
		F69728EF180C66440082C8CD /* queue.h in Headers */ = {isa = PBXBuildFile; fileRef = F69728E3180C66440082C8CD /* queue.h */; };
		F69728F0180C66440082C8CD /* queueSupport.cpp in Sources */ = {isa = PBXBuildFile; fileRef = F69728E4180C66440082C8CD /* queueSupport.cpp */; };
		F6A9D4D41BFAF65B00518D80 /* libCommonLibrary.a in Frameworks */ = {isa = PBXBuildFile; fileRef = F6A9D4D31BFAF65B00518D80 /* libCommonLibrary.a */; };
/* End PBXBuildFile section */

/* Begin PBXFileReference section */
		2FBBEAE508F335360078DB84 /* queue.mxo */ = {isa = PBXFileReference; explicitFileType = wrapper.cfbundle; includeInIndex = 0; path = queue.mxo; sourceTree = BUILT_PRODUCTS_DIR; };
		F626231A1BF94E1900D27BE9 /* CoreFoundation.framework */ = {isa = PBXFileReference; lastKnownFileType = wrapper.framework; name = CoreFoundation.framework; path = System/Library/Frameworks/CoreFoundation.framework; sourceTree = SDKROOT; };
		F626231C1BF94E2500D27BE9 /* MaxAPI.framework */ = {isa = PBXFileReference; lastKnownFileType = wrapper.framework; name = MaxAPI.framework; path = "/Users/njaffe/Documents/Max 7/Packages/max-sdk/source/c74support/max-includes/MaxAPI.framework"; sourceTree = "<absolute>"; };
		F6546BFE1BFC27F1005BBE4B /* maxmspsdk.xcconfig */ = {isa = PBXFileReference; fileEncoding = 4; lastKnownFileType = text.xcconfig; name = maxmspsdk.xcconfig; path = ../../maxmspsdk.xcconfig; sourceTree = SOURCE_ROOT; };
		F69728D9180C66440082C8CD /* queue_Add.cpp */ = {isa = PBXFileReference; fileEncoding = 4; lastKnownFileType = sourcecode.cpp.cpp; path = queue_Add.cpp; sourceTree = SOURCE_ROOT; };
		F69728DA180C66440082C8CD /* queue_Assist.cpp */ = {isa = PBXFileReference; fileEncoding = 4; lastKnownFileType = sourcecode.cpp.cpp; path = queue_Assist.cpp; sourceTree = SOURCE_ROOT; };
		F69728DB180C66440082C8CD /* queue_Bang.cpp */ = {isa = PBXFileReference; fileEncoding = 4; lastKnownFileType = sourcecode.cpp.cpp; path = queue_Bang.cpp; sourceTree = SOURCE_ROOT; };
		F69728DC180C66440082C8CD /* queue_Clear.cpp */ = {isa = PBXFileReference; fileEncoding = 4; lastKnownFileType = sourcecode.cpp.cpp; path = queue_Clear.cpp; sourceTree = SOURCE_ROOT; };
		F69728DD180C66440082C8CD /* queue_Depth.cpp */ = {isa = PBXFileReference; fileEncoding = 4; lastKnownFileType = sourcecode.cpp.cpp; path = queue_Depth.cpp; sourceTree = SOURCE_ROOT; };
		F69728DE180C66440082C8CD /* queue_Fetch.cpp */ = {isa = PBXFileReference; fileEncoding = 4; lastKnownFileType = sourcecode.cpp.cpp; path = queue_Fetch.cpp; sourceTree = SOURCE_ROOT; };
		F69728DF180C66440082C8CD /* queue_Pull.cpp */ = {isa = PBXFileReference; fileEncoding = 4; lastKnownFileType = sourcecode.cpp.cpp; path = queue_Pull.cpp; sourceTree = SOURCE_ROOT; };
		F69728E0180C66440082C8CD /* queue_SetDepth.cpp */ = {isa = PBXFileReference; fileEncoding = 4; lastKnownFileType = sourcecode.cpp.cpp; path = queue_SetDepth.cpp; sourceTree = SOURCE_ROOT; };
		F69728E1180C66440082C8CD /* queue_Trace.cpp */ = {isa = PBXFileReference; fileEncoding = 4; lastKnownFileType = sourcecode.cpp.cpp; path = queue_Trace.cpp; sourceTree = SOURCE_ROOT; };
		F69728E2180C66440082C8CD /* queue.cpp */ = {isa = PBXFileReference; fileEncoding = 4; lastKnownFileType = sourcecode.cpp.cpp; path = queue.cpp; sourceTree = SOURCE_ROOT; };
		F69728E3180C66440082C8CD /* queue.h */ = {isa = PBXFileReference; fileEncoding = 4; lastKnownFileType = sourcecode.c.h; path = queue.h; sourceTree = SOURCE_ROOT; };
		F69728E4180C66440082C8CD /* queueSupport.cpp */ = {isa = PBXFileReference; fileEncoding = 4; lastKnownFileType = sourcecode.cpp.cpp; path = queueSupport.cpp; sourceTree = SOURCE_ROOT; };
		F6A9D4D31BFAF65B00518D80 /* libCommonLibrary.a */ = {isa = PBXFileReference; lastKnownFileType = archive.ar; name = libCommonLibrary.a; path = "/Users/njaffe/Library/Developer/Xcode/DerivedData/NJObjects-cfvosuyivjfhivdvtnowssnhdiht/Build/Products/Development/libCommonLibrary.a"; sourceTree = "<absolute>"; };
/* End PBXFileReference section */

/* Begin PBXFrameworksBuildPhase section */
		2FBBEADC08F335360078DB84 /* Frameworks */ = {
			isa = PBXFrameworksBuildPhase;
			buildActionMask = 2147483647;
			files = (
				F6A9D4D41BFAF65B00518D80 /* libCommonLibrary.a in Frameworks */,
				F626231D1BF94E2500D27BE9 /* MaxAPI.framework in Frameworks */,
				F626231B1BF94E1900D27BE9 /* CoreFoundation.framework in Frameworks */,
			);
			runOnlyForDeploymentPostprocessing = 0;
		};
/* End PBXFrameworksBuildPhase section */

/* Begin PBXGroup section */
		089C166AFE841209C02AAC07 /* iterator */ = {
			isa = PBXGroup;
			children = (
				F6546BFE1BFC27F1005BBE4B /* maxmspsdk.xcconfig */,
				08FB77ADFE841716C02AAC07 /* Source */,
				089C1671FE841209C02AAC07 /* External Frameworks and Libraries */,
				19C28FB4FE9D528D11CA2CBB /* Products */,
			);
			name = iterator;
			sourceTree = "<group>";
		};
		089C1671FE841209C02AAC07 /* External Frameworks and Libraries */ = {
			isa = PBXGroup;
			children = (
				F6A9D4D31BFAF65B00518D80 /* libCommonLibrary.a */,
				F626231C1BF94E2500D27BE9 /* MaxAPI.framework */,
				F626231A1BF94E1900D27BE9 /* CoreFoundation.framework */,
			);
			name = "External Frameworks and Libraries";
			sourceTree = "<group>";
		};
		08FB77ADFE841716C02AAC07 /* Source */ = {
			isa = PBXGroup;
			children = (
				F69728D9180C66440082C8CD /* queue_Add.cpp */,
				F69728DA180C66440082C8CD /* queue_Assist.cpp */,
				F69728DB180C66440082C8CD /* queue_Bang.cpp */,
				F69728DC180C66440082C8CD /* queue_Clear.cpp */,
				F69728DD180C66440082C8CD /* queue_Depth.cpp */,
				F69728DE180C66440082C8CD /* queue_Fetch.cpp */,
				F69728DF180C66440082C8CD /* queue_Pull.cpp */,
				F69728E0180C66440082C8CD /* queue_SetDepth.cpp */,
				F69728E1180C66440082C8CD /* queue_Trace.cpp */,
				F69728E2180C66440082C8CD /* queue.cpp */,
				F69728E3180C66440082C8CD /* queue.h */,
				F69728E4180C66440082C8CD /* queueSupport.cpp */,
			);
			name = Source;
			sourceTree = "<group>";
		};
		19C28FB4FE9D528D11CA2CBB /* Products */ = {
			isa = PBXGroup;
			children = (
				2FBBEAE508F335360078DB84 /* queue.mxo */,
			);
			name = Products;
			sourceTree = "<group>";
		};
/* End PBXGroup section */

/* Begin PBXHeadersBuildPhase section */
		2FBBEAD708F335360078DB84 /* Headers */ = {
			isa = PBXHeadersBuildPhase;
			buildActionMask = 2147483647;
			files = (
				F69728EF180C66440082C8CD /* queue.h in Headers */,
			);
			runOnlyForDeploymentPostprocessing = 0;
		};
/* End PBXHeadersBuildPhase section */

/* Begin PBXNativeTarget section */
		2FBBEAD608F335360078DB84 /* max-external */ = {
			isa = PBXNativeTarget;
			buildConfigurationList = 2FBBEAE008F335360078DB84 /* Build configuration list for PBXNativeTarget "max-external" */;
			buildPhases = (
				2FBBEAD708F335360078DB84 /* Headers */,
				2FBBEAD808F335360078DB84 /* Resources */,
				2FBBEADA08F335360078DB84 /* Sources */,
				2FBBEADC08F335360078DB84 /* Frameworks */,
				2FBBEADF08F335360078DB84 /* Rez */,
			);
			buildRules = (
			);
			dependencies = (
			);
			name = "max-external";
			productName = iterator;
			productReference = 2FBBEAE508F335360078DB84 /* queue.mxo */;
			productType = "com.apple.product-type.bundle";
		};
/* End PBXNativeTarget section */

/* Begin PBXProject section */
		089C1669FE841209C02AAC07 /* Project object */ = {
			isa = PBXProject;
			attributes = {
				LastUpgradeCheck = 0710;
			};
			buildConfigurationList = 2FBBEACF08F335010078DB84 /* Build configuration list for PBXProject "queue" */;
			compatibilityVersion = "Xcode 3.2";
			developmentRegion = English;
			hasScannedForEncodings = 1;
			knownRegions = (
				en,
			);
			mainGroup = 089C166AFE841209C02AAC07 /* iterator */;
			projectDirPath = "";
			projectRoot = "";
			targets = (
				2FBBEAD608F335360078DB84 /* max-external */,
			);
		};
/* End PBXProject section */

/* Begin PBXResourcesBuildPhase section */
		2FBBEAD808F335360078DB84 /* Resources */ = {
			isa = PBXResourcesBuildPhase;
			buildActionMask = 2147483647;
			files = (
				F6546BFF1BFC27F1005BBE4B /* maxmspsdk.xcconfig in Resources */,
			);
			runOnlyForDeploymentPostprocessing = 0;
		};
/* End PBXResourcesBuildPhase section */

/* Begin PBXRezBuildPhase section */
		2FBBEADF08F335360078DB84 /* Rez */ = {
			isa = PBXRezBuildPhase;
			buildActionMask = 2147483647;
			files = (
			);
			runOnlyForDeploymentPostprocessing = 0;
		};
/* End PBXRezBuildPhase section */

/* Begin PBXSourcesBuildPhase section */
		2FBBEADA08F335360078DB84 /* Sources */ = {
			isa = PBXSourcesBuildPhase;
			buildActionMask = 2147483647;
			files = (
				F69728ED180C66440082C8CD /* queue_Trace.cpp in Sources */,
				F69728E5180C66440082C8CD /* queue_Add.cpp in Sources */,
				F69728EA180C66440082C8CD /* queue_Fetch.cpp in Sources */,
				F69728E8180C66440082C8CD /* queue_Clear.cpp in Sources */,
				F69728E7180C66440082C8CD /* queue_Bang.cpp in Sources */,
				F69728EB180C66440082C8CD /* queue_Pull.cpp in Sources */,
				F69728E9180C66440082C8CD /* queue_Depth.cpp in Sources */,
				F69728E6180C66440082C8CD /* queue_Assist.cpp in Sources */,
				F69728F0180C66440082C8CD /* queueSupport.cpp in Sources */,
				F69728EE180C66440082C8CD /* queue.cpp in Sources */,
				F69728EC180C66440082C8CD /* queue_SetDepth.cpp in Sources */,
			);
			runOnlyForDeploymentPostprocessing = 0;
		};
/* End PBXSourcesBuildPhase section */

/* Begin XCBuildConfiguration section */
		2FBBEAD008F335010078DB84 /* Development */ = {
			isa = XCBuildConfiguration;
			buildSettings = {
				ENABLE_TESTABILITY = YES;
				MACOSX_DEPLOYMENT_TARGET = 10.5;
				ONLY_ACTIVE_ARCH = YES;
				SDKROOT = macosx;
			};
			name = Development;
		};
		2FBBEAD108F335010078DB84 /* Deployment */ = {
			isa = XCBuildConfiguration;
			buildSettings = {
				MACOSX_DEPLOYMENT_TARGET = 10.5;
				SDKROOT = macosx;
			};
			name = Deployment;
		};
		2FBBEAE108F335360078DB84 /* Development */ = {
			isa = XCBuildConfiguration;
			baseConfigurationReference = F6546BFE1BFC27F1005BBE4B /* maxmspsdk.xcconfig */;
			buildSettings = {
				COMBINE_HIDPI_IMAGES = YES;
				COPY_PHASE_STRIP = NO;
				GCC_OPTIMIZATION_LEVEL = 0;
				PRODUCT_VERSION = 1.0.2;
				PRODUCT_YEAR = 2001;
			};
			name = Development;
		};
		2FBBEAE208F335360078DB84 /* Deployment */ = {
			isa = XCBuildConfiguration;
			baseConfigurationReference = F6546BFE1BFC27F1005BBE4B /* maxmspsdk.xcconfig */;
			buildSettings = {
				COMBINE_HIDPI_IMAGES = YES;
				COPY_PHASE_STRIP = YES;
				PRODUCT_VERSION = 1.0.2;
				PRODUCT_YEAR = 2001;
			};
			name = Deployment;
		};
/* End XCBuildConfiguration section */

/* Begin XCConfigurationList section */
		2FBBEACF08F335010078DB84 /* Build configuration list for PBXProject "queue" */ = {
			isa = XCConfigurationList;
			buildConfigurations = (
				2FBBEAD008F335010078DB84 /* Development */,
				2FBBEAD108F335010078DB84 /* Deployment */,
			);
			defaultConfigurationIsVisible = 0;
			defaultConfigurationName = Development;
		};
		2FBBEAE008F335360078DB84 /* Build configuration list for PBXNativeTarget "max-external" */ = {
			isa = XCConfigurationList;
			buildConfigurations = (
				2FBBEAE108F335360078DB84 /* Development */,
				2FBBEAE208F335360078DB84 /* Deployment */,
			);
			defaultConfigurationIsVisible = 0;
			defaultConfigurationName = Development;
		};
/* End XCConfigurationList section */
	};
	rootObject = 089C1669FE841209C02AAC07 /* Project object */;
}
