// !$*UTF8*$!
{
	archiveVersion = 1;
	classes = {
	};
	objectVersion = 46;
	objects = {

/* Begin PBXBuildFile section */
		F626231F1BF94E3A00D27BE9 /* CoreFoundation.framework in Frameworks */ = {isa = PBXBuildFile; fileRef = F626231E1BF94E3A00D27BE9 /* CoreFoundation.framework */; };
		F6546C011BFC2820005BBE4B /* maxmspsdk.xcconfig in Resources */ = {isa = PBXBuildFile; fileRef = F6546C001BFC2820005BBE4B /* maxmspsdk.xcconfig */; };
		F69728FA180C70FD0082C8CD /* senseX_Anything.cpp in Sources */ = {isa = PBXBuildFile; fileRef = F69728F1180C70FD0082C8CD /* senseX_Anything.cpp */; };
		F69728FB180C70FD0082C8CD /* senseX_Assist.cpp in Sources */ = {isa = PBXBuildFile; fileRef = F69728F2180C70FD0082C8CD /* senseX_Assist.cpp */; };
		F69728FC180C70FD0082C8CD /* senseX_Bang.cpp in Sources */ = {isa = PBXBuildFile; fileRef = F69728F3180C70FD0082C8CD /* senseX_Bang.cpp */; };
		F69728FD180C70FD0082C8CD /* senseX_Float.cpp in Sources */ = {isa = PBXBuildFile; fileRef = F69728F4180C70FD0082C8CD /* senseX_Float.cpp */; };
		F69728FE180C70FD0082C8CD /* senseX_Int.cpp in Sources */ = {isa = PBXBuildFile; fileRef = F69728F5180C70FD0082C8CD /* senseX_Int.cpp */; };
		F69728FF180C70FD0082C8CD /* senseX_Off.cpp in Sources */ = {isa = PBXBuildFile; fileRef = F69728F6180C70FD0082C8CD /* senseX_Off.cpp */; };
		F6972900180C70FD0082C8CD /* senseX_On.cpp in Sources */ = {isa = PBXBuildFile; fileRef = F69728F7180C70FD0082C8CD /* senseX_On.cpp */; };
		F6972901180C70FD0082C8CD /* senseX.cpp in Sources */ = {isa = PBXBuildFile; fileRef = F69728F8180C70FD0082C8CD /* senseX.cpp */; };
		F6972902180C70FD0082C8CD /* senseX.h in Headers */ = {isa = PBXBuildFile; fileRef = F69728F9180C70FD0082C8CD /* senseX.h */; };
		F6A9D4D61BFAF66900518D80 /* libCommonLibrary.a in Frameworks */ = {isa = PBXBuildFile; fileRef = F6A9D4D51BFAF66900518D80 /* libCommonLibrary.a */; };
		F6E6A3921C0BB170009F65A8 /* senseX_InletInfo.cpp in Sources */ = {isa = PBXBuildFile; fileRef = F6E6A3911C0BB170009F65A8 /* senseX_InletInfo.cpp */; };
/* End PBXBuildFile section */

/* Begin PBXFileReference section */
		2FBBEAE508F335360078DB84 /* senseX.mxo */ = {isa = PBXFileReference; explicitFileType = wrapper.cfbundle; includeInIndex = 0; path = senseX.mxo; sourceTree = BUILT_PRODUCTS_DIR; };
		F626231E1BF94E3A00D27BE9 /* CoreFoundation.framework */ = {isa = PBXFileReference; lastKnownFileType = wrapper.framework; name = CoreFoundation.framework; path = System/Library/Frameworks/CoreFoundation.framework; sourceTree = SDKROOT; };
		F6546C001BFC2820005BBE4B /* maxmspsdk.xcconfig */ = {isa = PBXFileReference; fileEncoding = 4; lastKnownFileType = text.xcconfig; name = maxmspsdk.xcconfig; path = ../../maxmspsdk.xcconfig; sourceTree = SOURCE_ROOT; };
		F69728F1180C70FD0082C8CD /* senseX_Anything.cpp */ = {isa = PBXFileReference; fileEncoding = 4; lastKnownFileType = sourcecode.cpp.cpp; path = senseX_Anything.cpp; sourceTree = SOURCE_ROOT; };
		F69728F2180C70FD0082C8CD /* senseX_Assist.cpp */ = {isa = PBXFileReference; fileEncoding = 4; lastKnownFileType = sourcecode.cpp.cpp; path = senseX_Assist.cpp; sourceTree = SOURCE_ROOT; };
		F69728F3180C70FD0082C8CD /* senseX_Bang.cpp */ = {isa = PBXFileReference; fileEncoding = 4; lastKnownFileType = sourcecode.cpp.cpp; path = senseX_Bang.cpp; sourceTree = SOURCE_ROOT; };
		F69728F4180C70FD0082C8CD /* senseX_Float.cpp */ = {isa = PBXFileReference; fileEncoding = 4; lastKnownFileType = sourcecode.cpp.cpp; path = senseX_Float.cpp; sourceTree = SOURCE_ROOT; };
		F69728F5180C70FD0082C8CD /* senseX_Int.cpp */ = {isa = PBXFileReference; fileEncoding = 4; lastKnownFileType = sourcecode.cpp.cpp; path = senseX_Int.cpp; sourceTree = SOURCE_ROOT; };
		F69728F6180C70FD0082C8CD /* senseX_Off.cpp */ = {isa = PBXFileReference; fileEncoding = 4; lastKnownFileType = sourcecode.cpp.cpp; path = senseX_Off.cpp; sourceTree = SOURCE_ROOT; };
		F69728F7180C70FD0082C8CD /* senseX_On.cpp */ = {isa = PBXFileReference; fileEncoding = 4; lastKnownFileType = sourcecode.cpp.cpp; path = senseX_On.cpp; sourceTree = SOURCE_ROOT; };
		F69728F8180C70FD0082C8CD /* senseX.cpp */ = {isa = PBXFileReference; fileEncoding = 4; lastKnownFileType = sourcecode.cpp.cpp; path = senseX.cpp; sourceTree = SOURCE_ROOT; };
		F69728F9180C70FD0082C8CD /* senseX.h */ = {isa = PBXFileReference; fileEncoding = 4; lastKnownFileType = sourcecode.c.h; path = senseX.h; sourceTree = SOURCE_ROOT; };
		F6A9D4D51BFAF66900518D80 /* libCommonLibrary.a */ = {isa = PBXFileReference; lastKnownFileType = archive.ar; name = libCommonLibrary.a; path = "/Users/njaffe/Library/Developer/Xcode/DerivedData/NJObjects-cfvosuyivjfhivdvtnowssnhdiht/Build/Products/Development/libCommonLibrary.a"; sourceTree = "<absolute>"; };
		F6E6A3911C0BB170009F65A8 /* senseX_InletInfo.cpp */ = {isa = PBXFileReference; fileEncoding = 4; lastKnownFileType = sourcecode.cpp.cpp; path = senseX_InletInfo.cpp; sourceTree = SOURCE_ROOT; };
/* End PBXFileReference section */

/* Begin PBXFrameworksBuildPhase section */
		2FBBEADC08F335360078DB84 /* Frameworks */ = {
			isa = PBXFrameworksBuildPhase;
			buildActionMask = 2147483647;
			files = (
				F6A9D4D61BFAF66900518D80 /* libCommonLibrary.a in Frameworks */,
				F626231F1BF94E3A00D27BE9 /* CoreFoundation.framework in Frameworks */,
			);
			runOnlyForDeploymentPostprocessing = 0;
		};
/* End PBXFrameworksBuildPhase section */

/* Begin PBXGroup section */
		089C166AFE841209C02AAC07 /* iterator */ = {
			isa = PBXGroup;
			children = (
				F6546C001BFC2820005BBE4B /* maxmspsdk.xcconfig */,
				08FB77ADFE841716C02AAC07 /* Source */,
				089C1671FE841209C02AAC07 /* External Frameworks and Libraries */,
				19C28FB4FE9D528D11CA2CBB /* Products */,
			);
			name = iterator;
			sourceTree = "<group>";
		};
		089C1671FE841209C02AAC07 /* External Frameworks and Libraries */ = {
			isa = PBXGroup;
			children = (
				F6A9D4D51BFAF66900518D80 /* libCommonLibrary.a */,
				F626231E1BF94E3A00D27BE9 /* CoreFoundation.framework */,
			);
			name = "External Frameworks and Libraries";
			sourceTree = "<group>";
		};
		08FB77ADFE841716C02AAC07 /* Source */ = {
			isa = PBXGroup;
			children = (
				F69728F1180C70FD0082C8CD /* senseX_Anything.cpp */,
				F69728F2180C70FD0082C8CD /* senseX_Assist.cpp */,
				F69728F3180C70FD0082C8CD /* senseX_Bang.cpp */,
				F69728F4180C70FD0082C8CD /* senseX_Float.cpp */,
				F6E6A3911C0BB170009F65A8 /* senseX_InletInfo.cpp */,
				F69728F5180C70FD0082C8CD /* senseX_Int.cpp */,
				F69728F6180C70FD0082C8CD /* senseX_Off.cpp */,
				F69728F7180C70FD0082C8CD /* senseX_On.cpp */,
				F69728F8180C70FD0082C8CD /* senseX.cpp */,
				F69728F9180C70FD0082C8CD /* senseX.h */,
			);
			name = Source;
			sourceTree = "<group>";
		};
		19C28FB4FE9D528D11CA2CBB /* Products */ = {
			isa = PBXGroup;
			children = (
				2FBBEAE508F335360078DB84 /* senseX.mxo */,
			);
			name = Products;
			sourceTree = "<group>";
		};
/* End PBXGroup section */

/* Begin PBXHeadersBuildPhase section */
		2FBBEAD708F335360078DB84 /* Headers */ = {
			isa = PBXHeadersBuildPhase;
			buildActionMask = 2147483647;
			files = (
				F6972902180C70FD0082C8CD /* senseX.h in Headers */,
			);
			runOnlyForDeploymentPostprocessing = 0;
		};
/* End PBXHeadersBuildPhase section */

/* Begin PBXNativeTarget section */
		2FBBEAD608F335360078DB84 /* max-external */ = {
			isa = PBXNativeTarget;
			buildConfigurationList = 2FBBEAE008F335360078DB84 /* Build configuration list for PBXNativeTarget "max-external" */;
			buildPhases = (
				2FBBEAD708F335360078DB84 /* Headers */,
				2FBBEAD808F335360078DB84 /* Resources */,
				2FBBEADA08F335360078DB84 /* Sources */,
				2FBBEADC08F335360078DB84 /* Frameworks */,
				2FBBEADF08F335360078DB84 /* Rez */,
			);
			buildRules = (
			);
			dependencies = (
			);
			name = "max-external";
			productName = iterator;
			productReference = 2FBBEAE508F335360078DB84 /* senseX.mxo */;
			productType = "com.apple.product-type.bundle";
		};
/* End PBXNativeTarget section */

/* Begin PBXProject section */
		089C1669FE841209C02AAC07 /* Project object */ = {
			isa = PBXProject;
			attributes = {
				LastUpgradeCheck = 0710;
			};
			buildConfigurationList = 2FBBEACF08F335010078DB84 /* Build configuration list for PBXProject "senseX" */;
			compatibilityVersion = "Xcode 3.2";
			developmentRegion = English;
			hasScannedForEncodings = 1;
			knownRegions = (
				en,
			);
			mainGroup = 089C166AFE841209C02AAC07 /* iterator */;
			projectDirPath = "";
			projectRoot = "";
			targets = (
				2FBBEAD608F335360078DB84 /* max-external */,
			);
		};
/* End PBXProject section */

/* Begin PBXResourcesBuildPhase section */
		2FBBEAD808F335360078DB84 /* Resources */ = {
			isa = PBXResourcesBuildPhase;
			buildActionMask = 2147483647;
			files = (
				F6546C011BFC2820005BBE4B /* maxmspsdk.xcconfig in Resources */,
			);
			runOnlyForDeploymentPostprocessing = 0;
		};
/* End PBXResourcesBuildPhase section */

/* Begin PBXRezBuildPhase section */
		2FBBEADF08F335360078DB84 /* Rez */ = {
			isa = PBXRezBuildPhase;
			buildActionMask = 2147483647;
			files = (
			);
			runOnlyForDeploymentPostprocessing = 0;
		};
/* End PBXRezBuildPhase section */

/* Begin PBXSourcesBuildPhase section */
		2FBBEADA08F335360078DB84 /* Sources */ = {
			isa = PBXSourcesBuildPhase;
			buildActionMask = 2147483647;
			files = (
				F6972901180C70FD0082C8CD /* senseX.cpp in Sources */,
				F6972900180C70FD0082C8CD /* senseX_On.cpp in Sources */,
				F69728FB180C70FD0082C8CD /* senseX_Assist.cpp in Sources */,
				F69728FA180C70FD0082C8CD /* senseX_Anything.cpp in Sources */,
				F69728FF180C70FD0082C8CD /* senseX_Off.cpp in Sources */,
				F69728FC180C70FD0082C8CD /* senseX_Bang.cpp in Sources */,
				F69728FD180C70FD0082C8CD /* senseX_Float.cpp in Sources */,
				F6E6A3921C0BB170009F65A8 /* senseX_InletInfo.cpp in Sources */,
				F69728FE180C70FD0082C8CD /* senseX_Int.cpp in Sources */,
			);
			runOnlyForDeploymentPostprocessing = 0;
		};
/* End PBXSourcesBuildPhase section */

/* Begin XCBuildConfiguration section */
		2FBBEAD008F335010078DB84 /* Development */ = {
			isa = XCBuildConfiguration;
			buildSettings = {
				ENABLE_TESTABILITY = YES;
				MACOSX_DEPLOYMENT_TARGET = 10.5;
				ONLY_ACTIVE_ARCH = YES;
				SDKROOT = macosx;
			};
			name = Development;
		};
		2FBBEAD108F335010078DB84 /* Deployment */ = {
			isa = XCBuildConfiguration;
			buildSettings = {
				MACOSX_DEPLOYMENT_TARGET = 10.5;
				SDKROOT = macosx;
			};
			name = Deployment;
		};
		2FBBEAE108F335360078DB84 /* Development */ = {
			isa = XCBuildConfiguration;
			baseConfigurationReference = F6546C001BFC2820005BBE4B /* maxmspsdk.xcconfig */;
			buildSettings = {
				COMBINE_HIDPI_IMAGES = YES;
				COPY_PHASE_STRIP = NO;
				GCC_OPTIMIZATION_LEVEL = 0;
				PRODUCT_VERSION = 1.0.0;
				PRODUCT_YEAR = 2006;
			};
			name = Development;
		};
		2FBBEAE208F335360078DB84 /* Deployment */ = {
			isa = XCBuildConfiguration;
			baseConfigurationReference = F6546C001BFC2820005BBE4B /* maxmspsdk.xcconfig */;
			buildSettings = {
				COMBINE_HIDPI_IMAGES = YES;
				COPY_PHASE_STRIP = YES;
				PRODUCT_VERSION = 1.0.0;
				PRODUCT_YEAR = 2006;
			};
			name = Deployment;
		};
/* End XCBuildConfiguration section */

/* Begin XCConfigurationList section */
		2FBBEACF08F335010078DB84 /* Build configuration list for PBXProject "senseX" */ = {
			isa = XCConfigurationList;
			buildConfigurations = (
				2FBBEAD008F335010078DB84 /* Development */,
				2FBBEAD108F335010078DB84 /* Deployment */,
			);
			defaultConfigurationIsVisible = 0;
			defaultConfigurationName = Development;
		};
		2FBBEAE008F335360078DB84 /* Build configuration list for PBXNativeTarget "max-external" */ = {
			isa = XCConfigurationList;
			buildConfigurations = (
				2FBBEAE108F335360078DB84 /* Development */,
				2FBBEAE208F335360078DB84 /* Deployment */,
			);
			defaultConfigurationIsVisible = 0;
			defaultConfigurationName = Development;
		};
/* End XCConfigurationList section */
	};
	rootObject = 089C1669FE841209C02AAC07 /* Project object */;
}
