// !$*UTF8*$!
{
	archiveVersion = 1;
	classes = {
	};
	objectVersion = 46;
	objects = {

/* Begin PBXBuildFile section */
		F62623C91BF9530B00D27BE9 /* CoreFoundation.framework in Frameworks */ = {isa = PBXBuildFile; fileRef = F62623C81BF9530B00D27BE9 /* CoreFoundation.framework */; };
		F62623CB1BF9531700D27BE9 /* MaxAPI.framework in Frameworks */ = {isa = PBXBuildFile; fileRef = F62623CA1BF9531700D27BE9 /* MaxAPI.framework */; };
		F6546C431BFC299F005BBE4B /* maxmspsdk.xcconfig in Resources */ = {isa = PBXBuildFile; fileRef = F6546C421BFC299F005BBE4B /* maxmspsdk.xcconfig */; };
		F6574CE71809E31000153C4D /* Vsplit_Anything.cpp in Sources */ = {isa = PBXBuildFile; fileRef = F6574CE11809E31000153C4D /* Vsplit_Anything.cpp */; };
		F6574CE81809E31000153C4D /* Vsplit_Assist.cpp in Sources */ = {isa = PBXBuildFile; fileRef = F6574CE21809E31000153C4D /* Vsplit_Assist.cpp */; };
		F6574CE91809E31000153C4D /* Vsplit_Bang.cpp in Sources */ = {isa = PBXBuildFile; fileRef = F6574CE31809E31000153C4D /* Vsplit_Bang.cpp */; };
		F6574CEA1809E31000153C4D /* Vsplit_List.cpp in Sources */ = {isa = PBXBuildFile; fileRef = F6574CE41809E31000153C4D /* Vsplit_List.cpp */; };
		F6574CEB1809E31000153C4D /* Vsplit.cpp in Sources */ = {isa = PBXBuildFile; fileRef = F6574CE51809E31000153C4D /* Vsplit.cpp */; };
		F6574CEC1809E31000153C4D /* Vsplit.h in Headers */ = {isa = PBXBuildFile; fileRef = F6574CE61809E31000153C4D /* Vsplit.h */; };
		F6574CEE1809E33800153C4D /* VdropObjectCommon.h in Headers */ = {isa = PBXBuildFile; fileRef = F6574CED1809E33800153C4D /* VdropObjectCommon.h */; };
		F6574CF01809E5D500153C4D /* Vsplit_In1.cpp in Sources */ = {isa = PBXBuildFile; fileRef = F6574CEF1809E5D500153C4D /* Vsplit_In1.cpp */; };
		F6A9D5181BFAF87300518D80 /* libCommonLibrary.a in Frameworks */ = {isa = PBXBuildFile; fileRef = F6A9D5171BFAF87300518D80 /* libCommonLibrary.a */; };
/* End PBXBuildFile section */

/* Begin PBXFileReference section */
		2FBBEAE508F335360078DB84 /* Vsplit.mxo */ = {isa = PBXFileReference; explicitFileType = wrapper.cfbundle; includeInIndex = 0; path = Vsplit.mxo; sourceTree = BUILT_PRODUCTS_DIR; };
		F62623C81BF9530B00D27BE9 /* CoreFoundation.framework */ = {isa = PBXFileReference; lastKnownFileType = wrapper.framework; name = CoreFoundation.framework; path = System/Library/Frameworks/CoreFoundation.framework; sourceTree = SDKROOT; };
		F62623CA1BF9531700D27BE9 /* MaxAPI.framework */ = {isa = PBXFileReference; lastKnownFileType = wrapper.framework; name = MaxAPI.framework; path = "/Users/njaffe/Documents/Max 7/Packages/max-sdk/source/c74support/max-includes/MaxAPI.framework"; sourceTree = "<absolute>"; };
		F6546C421BFC299F005BBE4B /* maxmspsdk.xcconfig */ = {isa = PBXFileReference; fileEncoding = 4; lastKnownFileType = text.xcconfig; name = maxmspsdk.xcconfig; path = ../../maxmspsdk.xcconfig; sourceTree = SOURCE_ROOT; };
		F6574CE11809E31000153C4D /* Vsplit_Anything.cpp */ = {isa = PBXFileReference; fileEncoding = 4; lastKnownFileType = sourcecode.cpp.cpp; path = Vsplit_Anything.cpp; sourceTree = SOURCE_ROOT; };
		F6574CE21809E31000153C4D /* Vsplit_Assist.cpp */ = {isa = PBXFileReference; fileEncoding = 4; lastKnownFileType = sourcecode.cpp.cpp; path = Vsplit_Assist.cpp; sourceTree = SOURCE_ROOT; };
		F6574CE31809E31000153C4D /* Vsplit_Bang.cpp */ = {isa = PBXFileReference; fileEncoding = 4; lastKnownFileType = sourcecode.cpp.cpp; path = Vsplit_Bang.cpp; sourceTree = SOURCE_ROOT; };
		F6574CE41809E31000153C4D /* Vsplit_List.cpp */ = {isa = PBXFileReference; fileEncoding = 4; lastKnownFileType = sourcecode.cpp.cpp; path = Vsplit_List.cpp; sourceTree = SOURCE_ROOT; };
		F6574CE51809E31000153C4D /* Vsplit.cpp */ = {isa = PBXFileReference; fileEncoding = 4; lastKnownFileType = sourcecode.cpp.cpp; path = Vsplit.cpp; sourceTree = SOURCE_ROOT; };
		F6574CE61809E31000153C4D /* Vsplit.h */ = {isa = PBXFileReference; fileEncoding = 4; lastKnownFileType = sourcecode.c.h; path = Vsplit.h; sourceTree = SOURCE_ROOT; };
		F6574CED1809E33800153C4D /* VdropObjectCommon.h */ = {isa = PBXFileReference; fileEncoding = 4; lastKnownFileType = sourcecode.c.h; name = VdropObjectCommon.h; path = ../Vdrop/VdropObjectCommon.h; sourceTree = SOURCE_ROOT; };
		F6574CEF1809E5D500153C4D /* Vsplit_In1.cpp */ = {isa = PBXFileReference; fileEncoding = 4; lastKnownFileType = sourcecode.cpp.cpp; path = Vsplit_In1.cpp; sourceTree = SOURCE_ROOT; };
		F6A9D5171BFAF87300518D80 /* libCommonLibrary.a */ = {isa = PBXFileReference; lastKnownFileType = archive.ar; name = libCommonLibrary.a; path = "/Users/njaffe/Library/Developer/Xcode/DerivedData/NJObjects-cfvosuyivjfhivdvtnowssnhdiht/Build/Products/Development/libCommonLibrary.a"; sourceTree = "<absolute>"; };
/* End PBXFileReference section */

/* Begin PBXFrameworksBuildPhase section */
		2FBBEADC08F335360078DB84 /* Frameworks */ = {
			isa = PBXFrameworksBuildPhase;
			buildActionMask = 2147483647;
			files = (
				F6A9D5181BFAF87300518D80 /* libCommonLibrary.a in Frameworks */,
				F62623CB1BF9531700D27BE9 /* MaxAPI.framework in Frameworks */,
				F62623C91BF9530B00D27BE9 /* CoreFoundation.framework in Frameworks */,
			);
			runOnlyForDeploymentPostprocessing = 0;
		};
/* End PBXFrameworksBuildPhase section */

/* Begin PBXGroup section */
		089C166AFE841209C02AAC07 /* iterator */ = {
			isa = PBXGroup;
			children = (
				F6546C421BFC299F005BBE4B /* maxmspsdk.xcconfig */,
				08FB77ADFE841716C02AAC07 /* Source */,
				089C1671FE841209C02AAC07 /* External Frameworks and Libraries */,
				19C28FB4FE9D528D11CA2CBB /* Products */,
			);
			name = iterator;
			sourceTree = "<group>";
		};
		089C1671FE841209C02AAC07 /* External Frameworks and Libraries */ = {
			isa = PBXGroup;
			children = (
				F6A9D5171BFAF87300518D80 /* libCommonLibrary.a */,
				F62623CA1BF9531700D27BE9 /* MaxAPI.framework */,
				F62623C81BF9530B00D27BE9 /* CoreFoundation.framework */,
			);
			name = "External Frameworks and Libraries";
			sourceTree = "<group>";
		};
		08FB77ADFE841716C02AAC07 /* Source */ = {
			isa = PBXGroup;
			children = (
				F6574CED1809E33800153C4D /* VdropObjectCommon.h */,
				F6574CE11809E31000153C4D /* Vsplit_Anything.cpp */,
				F6574CE21809E31000153C4D /* Vsplit_Assist.cpp */,
				F6574CE31809E31000153C4D /* Vsplit_Bang.cpp */,
				F6574CEF1809E5D500153C4D /* Vsplit_In1.cpp */,
				F6574CE41809E31000153C4D /* Vsplit_List.cpp */,
				F6574CE51809E31000153C4D /* Vsplit.cpp */,
				F6574CE61809E31000153C4D /* Vsplit.h */,
			);
			name = Source;
			sourceTree = "<group>";
		};
		19C28FB4FE9D528D11CA2CBB /* Products */ = {
			isa = PBXGroup;
			children = (
				2FBBEAE508F335360078DB84 /* Vsplit.mxo */,
			);
			name = Products;
			sourceTree = "<group>";
		};
/* End PBXGroup section */

/* Begin PBXHeadersBuildPhase section */
		2FBBEAD708F335360078DB84 /* Headers */ = {
			isa = PBXHeadersBuildPhase;
			buildActionMask = 2147483647;
			files = (
				F6574CEE1809E33800153C4D /* VdropObjectCommon.h in Headers */,
				F6574CEC1809E31000153C4D /* Vsplit.h in Headers */,
			);
			runOnlyForDeploymentPostprocessing = 0;
		};
/* End PBXHeadersBuildPhase section */

/* Begin PBXNativeTarget section */
		2FBBEAD608F335360078DB84 /* max-external */ = {
			isa = PBXNativeTarget;
			buildConfigurationList = 2FBBEAE008F335360078DB84 /* Build configuration list for PBXNativeTarget "max-external" */;
			buildPhases = (
				2FBBEAD708F335360078DB84 /* Headers */,
				2FBBEAD808F335360078DB84 /* Resources */,
				2FBBEADA08F335360078DB84 /* Sources */,
				2FBBEADC08F335360078DB84 /* Frameworks */,
				2FBBEADF08F335360078DB84 /* Rez */,
			);
			buildRules = (
			);
			dependencies = (
			);
			name = "max-external";
			productName = iterator;
			productReference = 2FBBEAE508F335360078DB84 /* Vsplit.mxo */;
			productType = "com.apple.product-type.bundle";
		};
/* End PBXNativeTarget section */

/* Begin PBXProject section */
		089C1669FE841209C02AAC07 /* Project object */ = {
			isa = PBXProject;
			attributes = {
				LastUpgradeCheck = 0710;
			};
			buildConfigurationList = 2FBBEACF08F335010078DB84 /* Build configuration list for PBXProject "Vsplit" */;
			compatibilityVersion = "Xcode 3.2";
			developmentRegion = English;
			hasScannedForEncodings = 1;
			knownRegions = (
				en,
			);
			mainGroup = 089C166AFE841209C02AAC07 /* iterator */;
			projectDirPath = "";
			projectRoot = "";
			targets = (
				2FBBEAD608F335360078DB84 /* max-external */,
			);
		};
/* End PBXProject section */

/* Begin PBXResourcesBuildPhase section */
		2FBBEAD808F335360078DB84 /* Resources */ = {
			isa = PBXResourcesBuildPhase;
			buildActionMask = 2147483647;
			files = (
				F6546C431BFC299F005BBE4B /* maxmspsdk.xcconfig in Resources */,
			);
			runOnlyForDeploymentPostprocessing = 0;
		};
/* End PBXResourcesBuildPhase section */

/* Begin PBXRezBuildPhase section */
		2FBBEADF08F335360078DB84 /* Rez */ = {
			isa = PBXRezBuildPhase;
			buildActionMask = 2147483647;
			files = (
			);
			runOnlyForDeploymentPostprocessing = 0;
		};
/* End PBXRezBuildPhase section */

/* Begin PBXSourcesBuildPhase section */
		2FBBEADA08F335360078DB84 /* Sources */ = {
			isa = PBXSourcesBuildPhase;
			buildActionMask = 2147483647;
			files = (
				F6574CF01809E5D500153C4D /* Vsplit_In1.cpp in Sources */,
				F6574CEA1809E31000153C4D /* Vsplit_List.cpp in Sources */,
				F6574CE81809E31000153C4D /* Vsplit_Assist.cpp in Sources */,
				F6574CEB1809E31000153C4D /* Vsplit.cpp in Sources */,
				F6574CE71809E31000153C4D /* Vsplit_Anything.cpp in Sources */,
				F6574CE91809E31000153C4D /* Vsplit_Bang.cpp in Sources */,
			);
			runOnlyForDeploymentPostprocessing = 0;
		};
/* End PBXSourcesBuildPhase section */

/* Begin XCBuildConfiguration section */
		2FBBEAD008F335010078DB84 /* Development */ = {
			isa = XCBuildConfiguration;
			buildSettings = {
				ENABLE_TESTABILITY = YES;
				MACOSX_DEPLOYMENT_TARGET = 10.5;
				ONLY_ACTIVE_ARCH = YES;
				SDKROOT = macosx;
			};
			name = Development;
		};
		2FBBEAD108F335010078DB84 /* Deployment */ = {
			isa = XCBuildConfiguration;
			buildSettings = {
				MACOSX_DEPLOYMENT_TARGET = 10.5;
				SDKROOT = macosx;
			};
			name = Deployment;
		};
		2FBBEAE108F335360078DB84 /* Development */ = {
			isa = XCBuildConfiguration;
			baseConfigurationReference = F6546C421BFC299F005BBE4B /* maxmspsdk.xcconfig */;
			buildSettings = {
				COMBINE_HIDPI_IMAGES = YES;
				COPY_PHASE_STRIP = NO;
				GCC_OPTIMIZATION_LEVEL = 0;
				PRODUCT_VERSION = 1.0.0;
				PRODUCT_YEAR = 2005;
			};
			name = Development;
		};
		2FBBEAE208F335360078DB84 /* Deployment */ = {
			isa = XCBuildConfiguration;
			baseConfigurationReference = F6546C421BFC299F005BBE4B /* maxmspsdk.xcconfig */;
			buildSettings = {
				COMBINE_HIDPI_IMAGES = YES;
				COPY_PHASE_STRIP = YES;
				PRODUCT_VERSION = 1.0.0;
				PRODUCT_YEAR = 2005;
			};
			name = Deployment;
		};
/* End XCBuildConfiguration section */

/* Begin XCConfigurationList section */
		2FBBEACF08F335010078DB84 /* Build configuration list for PBXProject "Vsplit" */ = {
			isa = XCConfigurationList;
			buildConfigurations = (
				2FBBEAD008F335010078DB84 /* Development */,
				2FBBEAD108F335010078DB84 /* Deployment */,
			);
			defaultConfigurationIsVisible = 0;
			defaultConfigurationName = Development;
		};
		2FBBEAE008F335360078DB84 /* Build configuration list for PBXNativeTarget "max-external" */ = {
			isa = XCConfigurationList;
			buildConfigurations = (
				2FBBEAE108F335360078DB84 /* Development */,
				2FBBEAE208F335360078DB84 /* Deployment */,
			);
			defaultConfigurationIsVisible = 0;
			defaultConfigurationName = Development;
		};
/* End XCConfigurationList section */
	};
	rootObject = 089C1669FE841209C02AAC07 /* Project object */;
}
