// !$*UTF8*$!
{
	archiveVersion = 1;
	classes = {
	};
	objectVersion = 46;
	objects = {

/* Begin PBXBuildFile section */
		F62622D11BF94B3E00D27BE9 /* CoreFoundation.framework in Frameworks */ = {isa = PBXBuildFile; fileRef = F62622D01BF94B3E00D27BE9 /* CoreFoundation.framework */; };
		F62622D31BF94B5000D27BE9 /* MaxAPI.framework in Frameworks */ = {isa = PBXBuildFile; fileRef = F62622D21BF94B5000D27BE9 /* MaxAPI.framework */; };
		F6546BDF1BFC2740005BBE4B /* maxmspsdk.xcconfig in Resources */ = {isa = PBXBuildFile; fileRef = F6546BDE1BFC2740005BBE4B /* maxmspsdk.xcconfig */; };
		F6A9D4B41BFAF53B00518D80 /* libCommonLibrary.a in Frameworks */ = {isa = PBXBuildFile; fileRef = F6A9D4B31BFAF53B00518D80 /* libCommonLibrary.a */; };
		F6CE72731800E35800E05120 /* dataType_Anything.cpp in Sources */ = {isa = PBXBuildFile; fileRef = F6CE726B1800E35800E05120 /* dataType_Anything.cpp */; };
		F6CE72741800E35800E05120 /* dataType_Assist.cpp in Sources */ = {isa = PBXBuildFile; fileRef = F6CE726C1800E35800E05120 /* dataType_Assist.cpp */; };
		F6CE72751800E35800E05120 /* dataType_Bang.cpp in Sources */ = {isa = PBXBuildFile; fileRef = F6CE726D1800E35800E05120 /* dataType_Bang.cpp */; };
		F6CE72761800E35800E05120 /* dataType_Float.cpp in Sources */ = {isa = PBXBuildFile; fileRef = F6CE726E1800E35800E05120 /* dataType_Float.cpp */; };
		F6CE72771800E35800E05120 /* dataType_Int.cpp in Sources */ = {isa = PBXBuildFile; fileRef = F6CE726F1800E35800E05120 /* dataType_Int.cpp */; };
		F6CE72781800E35800E05120 /* dataType_List.cpp in Sources */ = {isa = PBXBuildFile; fileRef = F6CE72701800E35800E05120 /* dataType_List.cpp */; };
		F6CE72791800E35800E05120 /* dataType.cpp in Sources */ = {isa = PBXBuildFile; fileRef = F6CE72711800E35800E05120 /* dataType.cpp */; };
		F6CE727A1800E35800E05120 /* dataType.h in Headers */ = {isa = PBXBuildFile; fileRef = F6CE72721800E35800E05120 /* dataType.h */; };
/* End PBXBuildFile section */

/* Begin PBXFileReference section */
		2FBBEAE508F335360078DB84 /* dataType.mxo */ = {isa = PBXFileReference; explicitFileType = wrapper.cfbundle; includeInIndex = 0; path = dataType.mxo; sourceTree = BUILT_PRODUCTS_DIR; };
		F62622D01BF94B3E00D27BE9 /* CoreFoundation.framework */ = {isa = PBXFileReference; lastKnownFileType = wrapper.framework; name = CoreFoundation.framework; path = System/Library/Frameworks/CoreFoundation.framework; sourceTree = SDKROOT; };
		F62622D21BF94B5000D27BE9 /* MaxAPI.framework */ = {isa = PBXFileReference; lastKnownFileType = wrapper.framework; name = MaxAPI.framework; path = "/Users/njaffe/Documents/Max 7/Packages/max-sdk/source/c74support/max-includes/MaxAPI.framework"; sourceTree = "<absolute>"; };
		F6546BDE1BFC2740005BBE4B /* maxmspsdk.xcconfig */ = {isa = PBXFileReference; fileEncoding = 4; lastKnownFileType = text.xcconfig; name = maxmspsdk.xcconfig; path = ../../maxmspsdk.xcconfig; sourceTree = SOURCE_ROOT; };
		F6A9D4B31BFAF53B00518D80 /* libCommonLibrary.a */ = {isa = PBXFileReference; lastKnownFileType = archive.ar; name = libCommonLibrary.a; path = "/Users/njaffe/Library/Developer/Xcode/DerivedData/NJObjects-cfvosuyivjfhivdvtnowssnhdiht/Build/Products/Development/libCommonLibrary.a"; sourceTree = "<absolute>"; };
		F6CE726B1800E35800E05120 /* dataType_Anything.cpp */ = {isa = PBXFileReference; fileEncoding = 4; lastKnownFileType = sourcecode.cpp.cpp; path = dataType_Anything.cpp; sourceTree = SOURCE_ROOT; };
		F6CE726C1800E35800E05120 /* dataType_Assist.cpp */ = {isa = PBXFileReference; fileEncoding = 4; lastKnownFileType = sourcecode.cpp.cpp; path = dataType_Assist.cpp; sourceTree = SOURCE_ROOT; };
		F6CE726D1800E35800E05120 /* dataType_Bang.cpp */ = {isa = PBXFileReference; fileEncoding = 4; lastKnownFileType = sourcecode.cpp.cpp; path = dataType_Bang.cpp; sourceTree = SOURCE_ROOT; };
		F6CE726E1800E35800E05120 /* dataType_Float.cpp */ = {isa = PBXFileReference; fileEncoding = 4; lastKnownFileType = sourcecode.cpp.cpp; path = dataType_Float.cpp; sourceTree = SOURCE_ROOT; };
		F6CE726F1800E35800E05120 /* dataType_Int.cpp */ = {isa = PBXFileReference; fileEncoding = 4; lastKnownFileType = sourcecode.cpp.cpp; path = dataType_Int.cpp; sourceTree = SOURCE_ROOT; };
		F6CE72701800E35800E05120 /* dataType_List.cpp */ = {isa = PBXFileReference; fileEncoding = 4; lastKnownFileType = sourcecode.cpp.cpp; path = dataType_List.cpp; sourceTree = SOURCE_ROOT; };
		F6CE72711800E35800E05120 /* dataType.cpp */ = {isa = PBXFileReference; fileEncoding = 4; lastKnownFileType = sourcecode.cpp.cpp; path = dataType.cpp; sourceTree = SOURCE_ROOT; };
		F6CE72721800E35800E05120 /* dataType.h */ = {isa = PBXFileReference; fileEncoding = 4; lastKnownFileType = sourcecode.c.h; path = dataType.h; sourceTree = SOURCE_ROOT; };
/* End PBXFileReference section */

/* Begin PBXFrameworksBuildPhase section */
		2FBBEADC08F335360078DB84 /* Frameworks */ = {
			isa = PBXFrameworksBuildPhase;
			buildActionMask = 2147483647;
			files = (
				F6A9D4B41BFAF53B00518D80 /* libCommonLibrary.a in Frameworks */,
				F62622D31BF94B5000D27BE9 /* MaxAPI.framework in Frameworks */,
				F62622D11BF94B3E00D27BE9 /* CoreFoundation.framework in Frameworks */,
			);
			runOnlyForDeploymentPostprocessing = 0;
		};
/* End PBXFrameworksBuildPhase section */

/* Begin PBXGroup section */
		089C166AFE841209C02AAC07 /* iterator */ = {
			isa = PBXGroup;
			children = (
				F6546BDE1BFC2740005BBE4B /* maxmspsdk.xcconfig */,
				08FB77ADFE841716C02AAC07 /* Source */,
				089C1671FE841209C02AAC07 /* External Frameworks and Libraries */,
				19C28FB4FE9D528D11CA2CBB /* Products */,
			);
			name = iterator;
			sourceTree = "<group>";
		};
		089C1671FE841209C02AAC07 /* External Frameworks and Libraries */ = {
			isa = PBXGroup;
			children = (
				F6A9D4B31BFAF53B00518D80 /* libCommonLibrary.a */,
				F62622D21BF94B5000D27BE9 /* MaxAPI.framework */,
				F62622D01BF94B3E00D27BE9 /* CoreFoundation.framework */,
			);
			name = "External Frameworks and Libraries";
			sourceTree = "<group>";
		};
		08FB77ADFE841716C02AAC07 /* Source */ = {
			isa = PBXGroup;
			children = (
				F6CE726B1800E35800E05120 /* dataType_Anything.cpp */,
				F6CE726C1800E35800E05120 /* dataType_Assist.cpp */,
				F6CE726D1800E35800E05120 /* dataType_Bang.cpp */,
				F6CE726E1800E35800E05120 /* dataType_Float.cpp */,
				F6CE726F1800E35800E05120 /* dataType_Int.cpp */,
				F6CE72701800E35800E05120 /* dataType_List.cpp */,
				F6CE72711800E35800E05120 /* dataType.cpp */,
				F6CE72721800E35800E05120 /* dataType.h */,
			);
			name = Source;
			sourceTree = "<group>";
		};
		19C28FB4FE9D528D11CA2CBB /* Products */ = {
			isa = PBXGroup;
			children = (
				2FBBEAE508F335360078DB84 /* dataType.mxo */,
			);
			name = Products;
			sourceTree = "<group>";
		};
/* End PBXGroup section */

/* Begin PBXHeadersBuildPhase section */
		2FBBEAD708F335360078DB84 /* Headers */ = {
			isa = PBXHeadersBuildPhase;
			buildActionMask = 2147483647;
			files = (
				F6CE727A1800E35800E05120 /* dataType.h in Headers */,
			);
			runOnlyForDeploymentPostprocessing = 0;
		};
/* End PBXHeadersBuildPhase section */

/* Begin PBXNativeTarget section */
		2FBBEAD608F335360078DB84 /* max-external */ = {
			isa = PBXNativeTarget;
			buildConfigurationList = 2FBBEAE008F335360078DB84 /* Build configuration list for PBXNativeTarget "max-external" */;
			buildPhases = (
				2FBBEAD708F335360078DB84 /* Headers */,
				2FBBEAD808F335360078DB84 /* Resources */,
				2FBBEADA08F335360078DB84 /* Sources */,
				2FBBEADC08F335360078DB84 /* Frameworks */,
				2FBBEADF08F335360078DB84 /* Rez */,
			);
			buildRules = (
			);
			dependencies = (
			);
			name = "max-external";
			productName = iterator;
			productReference = 2FBBEAE508F335360078DB84 /* dataType.mxo */;
			productType = "com.apple.product-type.bundle";
		};
/* End PBXNativeTarget section */

/* Begin PBXProject section */
		089C1669FE841209C02AAC07 /* Project object */ = {
			isa = PBXProject;
			attributes = {
				LastUpgradeCheck = 0710;
			};
			buildConfigurationList = 2FBBEACF08F335010078DB84 /* Build configuration list for PBXProject "dataType" */;
			compatibilityVersion = "Xcode 3.2";
			developmentRegion = English;
			hasScannedForEncodings = 1;
			knownRegions = (
				en,
			);
			mainGroup = 089C166AFE841209C02AAC07 /* iterator */;
			projectDirPath = "";
			projectRoot = "";
			targets = (
				2FBBEAD608F335360078DB84 /* max-external */,
			);
		};
/* End PBXProject section */

/* Begin PBXResourcesBuildPhase section */
		2FBBEAD808F335360078DB84 /* Resources */ = {
			isa = PBXResourcesBuildPhase;
			buildActionMask = 2147483647;
			files = (
				F6546BDF1BFC2740005BBE4B /* maxmspsdk.xcconfig in Resources */,
			);
			runOnlyForDeploymentPostprocessing = 0;
		};
/* End PBXResourcesBuildPhase section */

/* Begin PBXRezBuildPhase section */
		2FBBEADF08F335360078DB84 /* Rez */ = {
			isa = PBXRezBuildPhase;
			buildActionMask = 2147483647;
			files = (
			);
			runOnlyForDeploymentPostprocessing = 0;
		};
/* End PBXRezBuildPhase section */

/* Begin PBXSourcesBuildPhase section */
		2FBBEADA08F335360078DB84 /* Sources */ = {
			isa = PBXSourcesBuildPhase;
			buildActionMask = 2147483647;
			files = (
				F6CE72731800E35800E05120 /* dataType_Anything.cpp in Sources */,
				F6CE72781800E35800E05120 /* dataType_List.cpp in Sources */,
				F6CE72751800E35800E05120 /* dataType_Bang.cpp in Sources */,
				F6CE72771800E35800E05120 /* dataType_Int.cpp in Sources */,
				F6CE72761800E35800E05120 /* dataType_Float.cpp in Sources */,
				F6CE72741800E35800E05120 /* dataType_Assist.cpp in Sources */,
				F6CE72791800E35800E05120 /* dataType.cpp in Sources */,
			);
			runOnlyForDeploymentPostprocessing = 0;
		};
/* End PBXSourcesBuildPhase section */

/* Begin XCBuildConfiguration section */
		2FBBEAD008F335010078DB84 /* Development */ = {
			isa = XCBuildConfiguration;
			buildSettings = {
				ENABLE_TESTABILITY = YES;
				MACOSX_DEPLOYMENT_TARGET = 10.5;
				ONLY_ACTIVE_ARCH = YES;
				SDKROOT = macosx;
			};
			name = Development;
		};
		2FBBEAD108F335010078DB84 /* Deployment */ = {
			isa = XCBuildConfiguration;
			buildSettings = {
				MACOSX_DEPLOYMENT_TARGET = 10.5;
				SDKROOT = macosx;
			};
			name = Deployment;
		};
		2FBBEAE108F335360078DB84 /* Development */ = {
			isa = XCBuildConfiguration;
			baseConfigurationReference = F6546BDE1BFC2740005BBE4B /* maxmspsdk.xcconfig */;
			buildSettings = {
				COMBINE_HIDPI_IMAGES = YES;
				COPY_PHASE_STRIP = NO;
				GCC_OPTIMIZATION_LEVEL = 0;
				PRODUCT_NAME = dataType;
				PRODUCT_VERSION = 1.0.3;
			};
			name = Development;
		};
		2FBBEAE208F335360078DB84 /* Deployment */ = {
			isa = XCBuildConfiguration;
			baseConfigurationReference = F6546BDE1BFC2740005BBE4B /* maxmspsdk.xcconfig */;
			buildSettings = {
				COMBINE_HIDPI_IMAGES = YES;
				COPY_PHASE_STRIP = YES;
				PRODUCT_NAME = dataType;
				PRODUCT_VERSION = 1.0.3;
			};
			name = Deployment;
		};
/* End XCBuildConfiguration section */

/* Begin XCConfigurationList section */
		2FBBEACF08F335010078DB84 /* Build configuration list for PBXProject "dataType" */ = {
			isa = XCConfigurationList;
			buildConfigurations = (
				2FBBEAD008F335010078DB84 /* Development */,
				2FBBEAD108F335010078DB84 /* Deployment */,
			);
			defaultConfigurationIsVisible = 0;
			defaultConfigurationName = Development;
		};
		2FBBEAE008F335360078DB84 /* Build configuration list for PBXNativeTarget "max-external" */ = {
			isa = XCConfigurationList;
			buildConfigurations = (
				2FBBEAE108F335360078DB84 /* Development */,
				2FBBEAE208F335360078DB84 /* Deployment */,
			);
			defaultConfigurationIsVisible = 0;
			defaultConfigurationName = Development;
		};
/* End XCConfigurationList section */
	};
	rootObject = 089C1669FE841209C02AAC07 /* Project object */;
}
