// !$*UTF8*$!
{
	archiveVersion = 1;
	classes = {
	};
	objectVersion = 46;
	objects = {

/* Begin PBXAggregateTarget section */
		F6CC830A18035ED90078F37B /* Vector */ = {
			isa = PBXAggregateTarget;
			buildConfigurationList = F6CC830B18035ED90078F37B /* Build configuration list for PBXAggregateTarget "Vector" */;
			buildPhases = (
			);
			dependencies = (
			);
			name = Vector;
			productName = Vector;
		};
/* End PBXAggregateTarget section */

/* Begin PBXGroup section */
		F6CC82FF18035EAF0078F37B = {
			isa = PBXGroup;
			children = (
			);
			sourceTree = "<group>";
		};
/* End PBXGroup section */

/* Begin PBXProject section */
		F6CC830018035EAF0078F37B /* Project object */ = {
			isa = PBXProject;
			attributes = {
				LastUpgradeCheck = 0500;
			};
			buildConfigurationList = F6CC830318035EAF0078F37B /* Build configuration list for PBXProject "Vector Manipulation" */;
			compatibilityVersion = "Xcode 3.2";
			developmentRegion = English;
			hasScannedForEncodings = 0;
			knownRegions = (
				en,
			);
			mainGroup = F6CC82FF18035EAF0078F37B;
			projectDirPath = "";
			projectRoot = "";
			targets = (
				F6CC830A18035ED90078F37B /* Vector */,
			);
		};
/* End PBXProject section */

/* Begin XCBuildConfiguration section */
		F6CC830418035EAF0078F37B /* Development */ = {
			isa = XCBuildConfiguration;
			buildSettings = {
			};
			name = Development;
		};
		F6CC830518035EAF0078F37B /* Deployment */ = {
			isa = XCBuildConfiguration;
			buildSettings = {
			};
			name = Deployment;
		};
		F6CC830C18035ED90078F37B /* Development */ = {
			isa = XCBuildConfiguration;
			buildSettings = {
				ARCHS = i386;
				PRODUCT_NAME = "$(TARGET_NAME)";
				VALID_ARCHS = i386;
			};
			name = Development;
		};
		F6CC830D18035ED90078F37B /* Deployment */ = {
			isa = XCBuildConfiguration;
			buildSettings = {
				ARCHS = i386;
				PRODUCT_NAME = "$(TARGET_NAME)";
				VALID_ARCHS = i386;
			};
			name = Deployment;
		};
/* End XCBuildConfiguration section */

/* Begin XCConfigurationList section */
		F6CC830318035EAF0078F37B /* Build configuration list for PBXProject "Vector Manipulation" */ = {
			isa = XCConfigurationList;
			buildConfigurations = (
				F6CC830418035EAF0078F37B /* Development */,
				F6CC830518035EAF0078F37B /* Deployment */,
			);
			defaultConfigurationIsVisible = 0;
			defaultConfigurationName = Deployment;
		};
		F6CC830B18035ED90078F37B /* Build configuration list for PBXAggregateTarget "Vector" */ = {
			isa = XCConfigurationList;
			buildConfigurations = (
				F6CC830C18035ED90078F37B /* Development */,
				F6CC830D18035ED90078F37B /* Deployment */,
			);
			defaultConfigurationIsVisible = 0;
		};
/* End XCConfigurationList section */
	};
	rootObject = F6CC830018035EAF0078F37B /* Project object */;
}
